// !$*UTF8*$!
{
	archiveVersion = 1;
	classes = {
	};
	objectVersion = 54;
	objects = {

/* Begin PBXBuildFile section */
		CA0A95B525BF704C00A7C7C3 /* BSMGameScore.swift in Sources */ = {isa = PBXBuildFile; fileRef = CA0A95B425BF704C00A7C7C3 /* BSMGameScore.swift */; };
		CA0DA04225974EAD002A0FAB /* ScoresView.swift in Sources */ = {isa = PBXBuildFile; fileRef = CA0DA04125974EAD002A0FAB /* ScoresView.swift */; };
		CA0DA0452598BB32002A0FAB /* ScoresOverView.swift in Sources */ = {isa = PBXBuildFile; fileRef = CA0DA0442598BB32002A0FAB /* ScoresOverView.swift */; };
		CA0DA0482598BCB1002A0FAB /* ScoresDetailView.swift in Sources */ = {isa = PBXBuildFile; fileRef = CA0DA0472598BCB1002A0FAB /* ScoresDetailView.swift */; };
		CA0DA04B2598F449002A0FAB /* SettingsListView.swift in Sources */ = {isa = PBXBuildFile; fileRef = CA0DA04A2598F449002A0FAB /* SettingsListView.swift */; };
		CA0DA04E2598F570002A0FAB /* InfoView.swift in Sources */ = {isa = PBXBuildFile; fileRef = CA0DA04D2598F570002A0FAB /* InfoView.swift */; };
		CA0DA053259A46FA002A0FAB /* BSM_Games_2020_human_readable.json in Resources */ = {isa = PBXBuildFile; fileRef = CA0DA052259A46FA002A0FAB /* BSM_Games_2020_human_readable.json */; };
		CA0DA057259CAC8E002A0FAB /* StandingsView.swift in Sources */ = {isa = PBXBuildFile; fileRef = CA0DA056259CAC8E002A0FAB /* StandingsView.swift */; };
		CA1722E127542DBE00E8BF36 /* PlayerModel.swift in Sources */ = {isa = PBXBuildFile; fileRef = CA1722E027542DBE00E8BF36 /* PlayerModel.swift */; };
		CA1722E227542DBE00E8BF36 /* PlayerModel.swift in Sources */ = {isa = PBXBuildFile; fileRef = CA1722E027542DBE00E8BF36 /* PlayerModel.swift */; };
		CA1C39A72731856B00BB194C /* Assets.xcassets in Resources */ = {isa = PBXBuildFile; fileRef = CA1C39A62731856B00BB194C /* Assets.xcassets */; };
		CA1C39AD2731856B00BB194C /* WatchSkylarks WatchKit Extension.appex in Embed App Extensions */ = {isa = PBXBuildFile; fileRef = CA1C39AC2731856B00BB194C /* WatchSkylarks WatchKit Extension.appex */; settings = {ATTRIBUTES = (RemoveHeadersOnCopy, ); }; };
		CA1C39B62731856B00BB194C /* NotificationController.swift in Sources */ = {isa = PBXBuildFile; fileRef = CA1C39B52731856B00BB194C /* NotificationController.swift */; };
		CA1C39B82731856B00BB194C /* NotificationView.swift in Sources */ = {isa = PBXBuildFile; fileRef = CA1C39B72731856B00BB194C /* NotificationView.swift */; };
		CA1C39BA2731856B00BB194C /* ComplicationController.swift in Sources */ = {isa = PBXBuildFile; fileRef = CA1C39B92731856B00BB194C /* ComplicationController.swift */; };
		CA1C39BC2731856C00BB194C /* Assets.xcassets in Resources */ = {isa = PBXBuildFile; fileRef = CA1C39BB2731856C00BB194C /* Assets.xcassets */; };
		CA1C39BF2731856C00BB194C /* Preview Assets.xcassets in Resources */ = {isa = PBXBuildFile; fileRef = CA1C39BE2731856C00BB194C /* Preview Assets.xcassets */; };
		CA1C39CB2731856C00BB194C /* WatchSkylarksTests.swift in Sources */ = {isa = PBXBuildFile; fileRef = CA1C39CA2731856C00BB194C /* WatchSkylarksTests.swift */; };
		CA1C39D52731856C00BB194C /* WatchSkylarksUITests.swift in Sources */ = {isa = PBXBuildFile; fileRef = CA1C39D42731856C00BB194C /* WatchSkylarksUITests.swift */; };
		CA1C39D72731856C00BB194C /* WatchSkylarksUITestsLaunchTests.swift in Sources */ = {isa = PBXBuildFile; fileRef = CA1C39D62731856C00BB194C /* WatchSkylarksUITestsLaunchTests.swift */; };
		CA1C39DA2731856C00BB194C /* Skylarks.app in Embed Watch Content */ = {isa = PBXBuildFile; fileRef = CA1C39A42731856B00BB194C /* Skylarks.app */; platformFilter = ios; settings = {ATTRIBUTES = (RemoveHeadersOnCopy, ); }; };
		CA1C39EA2731875800BB194C /* BSMGameScore.swift in Sources */ = {isa = PBXBuildFile; fileRef = CA0A95B425BF704C00A7C7C3 /* BSMGameScore.swift */; };
		CA1C39EB2731875800BB194C /* VLBB_2021_Standings.json in Resources */ = {isa = PBXBuildFile; fileRef = CAE7740926C1702900A57F66 /* VLBB_2021_Standings.json */; };
		CA1C39EC2731875800BB194C /* Assets.xcassets in Resources */ = {isa = PBXBuildFile; fileRef = CABF7BF2259351D500B95813 /* Assets.xcassets */; };
		CA1C39ED2731875800BB194C /* BSM_Games_2020_human_readable.json in Resources */ = {isa = PBXBuildFile; fileRef = CA0DA052259A46FA002A0FAB /* BSM_Games_2020_human_readable.json */; };
		CA1C39EE2731875800BB194C /* BSMStandingsTable.swift in Sources */ = {isa = PBXBuildFile; fileRef = CAE7740B26C1709B00A57F66 /* BSMStandingsTable.swift */; };
		CA1C39F02731875800BB194C /* ModelData.swift in Sources */ = {isa = PBXBuildFile; fileRef = CAFDC1FC25BF7F09000A5922 /* ModelData.swift */; };
		CA1C39F827318C6D00BB194C /* Berlin_SkylarksApp.swift in Sources */ = {isa = PBXBuildFile; fileRef = CA1C39F727318C6D00BB194C /* Berlin_SkylarksApp.swift */; };
		CA1C3A0A2733407400BB194C /* Ints_Floats.swift in Sources */ = {isa = PBXBuildFile; fileRef = CA1C3A092733407400BB194C /* Ints_Floats.swift */; };
		CA1C3A0B2733407400BB194C /* Ints_Floats.swift in Sources */ = {isa = PBXBuildFile; fileRef = CA1C3A092733407400BB194C /* Ints_Floats.swift */; };
		CA1C3A0D273340C000BB194C /* BSM_URL_Data.swift in Sources */ = {isa = PBXBuildFile; fileRef = CA1C3A0C273340C000BB194C /* BSM_URL_Data.swift */; };
		CA1C3A0E273340C000BB194C /* BSM_URL_Data.swift in Sources */ = {isa = PBXBuildFile; fileRef = CA1C3A0C273340C000BB194C /* BSM_URL_Data.swift */; };
		CA1C3A132733444400BB194C /* InfoView.swift in Sources */ = {isa = PBXBuildFile; fileRef = CA0DA04D2598F570002A0FAB /* InfoView.swift */; };
		CA1C3A172733473100BB194C /* watchOS_globals.swift in Sources */ = {isa = PBXBuildFile; fileRef = CA1C3A162733473100BB194C /* watchOS_globals.swift */; };
		CA1C3A2027388BF300BB194C /* SidebarNavigationView.swift in Sources */ = {isa = PBXBuildFile; fileRef = CA1C3A1F27388BF300BB194C /* SidebarNavigationView.swift */; };
		CA1CB20B27567E870007D24E /* BSMTeam.swift in Sources */ = {isa = PBXBuildFile; fileRef = CA1CB20A27567E870007D24E /* BSMTeam.swift */; };
		CA1CB20C27567E870007D24E /* BSMTeam.swift in Sources */ = {isa = PBXBuildFile; fileRef = CA1CB20A27567E870007D24E /* BSMTeam.swift */; };
		CA1CB211275D15BA0007D24E /* README.md in Resources */ = {isa = PBXBuildFile; fileRef = CA1CB210275D15BA0007D24E /* README.md */; };
		CA1CB212275D15BA0007D24E /* README.md in Resources */ = {isa = PBXBuildFile; fileRef = CA1CB210275D15BA0007D24E /* README.md */; };
		CA1E035E2819949A00E2FF8F /* UserDashboard.swift in Sources */ = {isa = PBXBuildFile; fileRef = CA1E035D2819949A00E2FF8F /* UserDashboard.swift */; };
		CA1E0360281994EA00E2FF8F /* GameData.swift in Sources */ = {isa = PBXBuildFile; fileRef = CA1E035F281994EA00E2FF8F /* GameData.swift */; };
		CA1E0361281994F000E2FF8F /* UserDashboard.swift in Sources */ = {isa = PBXBuildFile; fileRef = CA1E035D2819949A00E2FF8F /* UserDashboard.swift */; };
		CA1E0362281994F400E2FF8F /* UserDashboard.swift in Sources */ = {isa = PBXBuildFile; fileRef = CA1E035D2819949A00E2FF8F /* UserDashboard.swift */; };
		CA1E0363281994FA00E2FF8F /* UserDashboard.swift in Sources */ = {isa = PBXBuildFile; fileRef = CA1E035D2819949A00E2FF8F /* UserDashboard.swift */; };
		CA1E0364281994FE00E2FF8F /* GameData.swift in Sources */ = {isa = PBXBuildFile; fileRef = CA1E035F281994EA00E2FF8F /* GameData.swift */; };
		CA1E0365281994FE00E2FF8F /* GameData.swift in Sources */ = {isa = PBXBuildFile; fileRef = CA1E035F281994EA00E2FF8F /* GameData.swift */; };
		CA1E0366281994FF00E2FF8F /* GameData.swift in Sources */ = {isa = PBXBuildFile; fileRef = CA1E035F281994EA00E2FF8F /* GameData.swift */; };
		CA1E03682819ABAA00E2FF8F /* TeamImageData.swift in Sources */ = {isa = PBXBuildFile; fileRef = CA1E03672819ABAA00E2FF8F /* TeamImageData.swift */; };
		CA1E03692819ABAA00E2FF8F /* TeamImageData.swift in Sources */ = {isa = PBXBuildFile; fileRef = CA1E03672819ABAA00E2FF8F /* TeamImageData.swift */; };
		CA1E036A2819ABAA00E2FF8F /* TeamImageData.swift in Sources */ = {isa = PBXBuildFile; fileRef = CA1E03672819ABAA00E2FF8F /* TeamImageData.swift */; };
		CA1E036B2819ABAA00E2FF8F /* TeamImageData.swift in Sources */ = {isa = PBXBuildFile; fileRef = CA1E03672819ABAA00E2FF8F /* TeamImageData.swift */; };
		CA1E036E281ACC9D00E2FF8F /* LegalNoticeView.swift in Sources */ = {isa = PBXBuildFile; fileRef = CA1E036D281ACC9D00E2FF8F /* LegalNoticeView.swift */; };
		CA1E036F281ACC9D00E2FF8F /* LegalNoticeView.swift in Sources */ = {isa = PBXBuildFile; fileRef = CA1E036D281ACC9D00E2FF8F /* LegalNoticeView.swift */; };
		CA1E0371281AD4D100E2FF8F /* PrivacyPolicyView.swift in Sources */ = {isa = PBXBuildFile; fileRef = CA1E0370281AD4D100E2FF8F /* PrivacyPolicyView.swift */; };
		CA1E0372281AD4D100E2FF8F /* PrivacyPolicyView.swift in Sources */ = {isa = PBXBuildFile; fileRef = CA1E0370281AD4D100E2FF8F /* PrivacyPolicyView.swift */; };
		CA283D0D279D849000271DC1 /* StandingsTableView.swift in Sources */ = {isa = PBXBuildFile; fileRef = CAE7740D26C292F900A57F66 /* StandingsTableView.swift */; };
		CA283D0E279D953500271DC1 /* StandingsView.swift in Sources */ = {isa = PBXBuildFile; fileRef = CA0DA056259CAC8E002A0FAB /* StandingsView.swift */; };
		CA283D0F279DD56800271DC1 /* UserHomeView.swift in Sources */ = {isa = PBXBuildFile; fileRef = CAAB56C427208A9200ADDE9D /* UserHomeView.swift */; };
		CA28D66E27A0601B00680067 /* BSMLeagueGroup.swift in Sources */ = {isa = PBXBuildFile; fileRef = CA28D66D27A0601B00680067 /* BSMLeagueGroup.swift */; };
		CA28D66F27A0601B00680067 /* BSMLeagueGroup.swift in Sources */ = {isa = PBXBuildFile; fileRef = CA28D66D27A0601B00680067 /* BSMLeagueGroup.swift */; };
		CA28D67027A0601B00680067 /* BSMLeagueGroup.swift in Sources */ = {isa = PBXBuildFile; fileRef = CA28D66D27A0601B00680067 /* BSMLeagueGroup.swift */; };
		CA28FB90280DDDC6007581FD /* HomeTeamDetailView.swift in Sources */ = {isa = PBXBuildFile; fileRef = CA28FB8F280DDDC6007581FD /* HomeTeamDetailView.swift */; };
		CA48557B277383D5004ED11A /* Assets.xcassets in Resources */ = {isa = PBXBuildFile; fileRef = CABF7BF2259351D500B95813 /* Assets.xcassets */; };
		CA48557D27748A9E004ED11A /* GamedayWidgetView.swift in Sources */ = {isa = PBXBuildFile; fileRef = CA48557C27748A9E004ED11A /* GamedayWidgetView.swift */; };
		CA48557E27748A9E004ED11A /* GamedayWidgetView.swift in Sources */ = {isa = PBXBuildFile; fileRef = CA48557C27748A9E004ED11A /* GamedayWidgetView.swift */; };
		CA48558127748DEE004ED11A /* ViewModifiers.swift in Sources */ = {isa = PBXBuildFile; fileRef = CA6042A02745B14000607011 /* ViewModifiers.swift */; };
		CA55F6E127601A4F0032302F /* API_Key.swift in Sources */ = {isa = PBXBuildFile; fileRef = CA55F6E027601A4F0032302F /* API_Key.swift */; };
		CA55F6E227601E350032302F /* API_Key.swift in Sources */ = {isa = PBXBuildFile; fileRef = CA55F6E027601A4F0032302F /* API_Key.swift */; };
		CA56299526943C0D00274BE4 /* WebArticleView.swift in Sources */ = {isa = PBXBuildFile; fileRef = CA56299426943C0D00274BE4 /* WebArticleView.swift */; };
		CA6042A12745B14000607011 /* ViewModifiers.swift in Sources */ = {isa = PBXBuildFile; fileRef = CA6042A02745B14000607011 /* ViewModifiers.swift */; };
		CA6042A22745B14000607011 /* ViewModifiers.swift in Sources */ = {isa = PBXBuildFile; fileRef = CA6042A02745B14000607011 /* ViewModifiers.swift */; };
		CA60E399282D3DCE00660729 /* Launch Screen.storyboard in Resources */ = {isa = PBXBuildFile; fileRef = CA60E398282D3DCE00660729 /* Launch Screen.storyboard */; };
		CA65FF3E27EA14E700F7845D /* TeamDetailView.swift in Sources */ = {isa = PBXBuildFile; fileRef = CA78B724259648F300510621 /* TeamDetailView.swift */; };
		CA65FF3F27F5E60C00F7845D /* TeamListView.swift in Sources */ = {isa = PBXBuildFile; fileRef = CA78B72D2596892E00510621 /* TeamListView.swift */; };
		CA65FF4627F5EC4400F7845D /* Intents.framework in Frameworks */ = {isa = PBXBuildFile; fileRef = CA65FF4527F5EC4400F7845D /* Intents.framework */; };
		CA65FF4927F5EC4400F7845D /* IntentHandler.swift in Sources */ = {isa = PBXBuildFile; fileRef = CA65FF4827F5EC4400F7845D /* IntentHandler.swift */; };
		CA65FF5F27F5EC4400F7845D /* Skylarks Intents.appex in Embed App Extensions */ = {isa = PBXBuildFile; fileRef = CA65FF4427F5EC4400F7845D /* Skylarks Intents.appex */; settings = {ATTRIBUTES = (RemoveHeadersOnCopy, ); }; };
		CA65FF6727F5ECF000F7845D /* WidgetSkylarks.intentdefinition in Sources */ = {isa = PBXBuildFile; fileRef = CAE134892771F2E000DFA745 /* WidgetSkylarks.intentdefinition */; };
		CA65FF6827F5F1A800F7845D /* GlobalFunctions.swift in Sources */ = {isa = PBXBuildFile; fileRef = CAAB56C2271F62F800ADDE9D /* GlobalFunctions.swift */; };
		CA65FF6927F5F1C600F7845D /* API_Key.swift in Sources */ = {isa = PBXBuildFile; fileRef = CA55F6E027601A4F0032302F /* API_Key.swift */; };
		CA65FF6A27F5F1D600F7845D /* ViewModifiers.swift in Sources */ = {isa = PBXBuildFile; fileRef = CA6042A02745B14000607011 /* ViewModifiers.swift */; };
		CA65FF6B27F5F1DA00F7845D /* BSM_URL_Data.swift in Sources */ = {isa = PBXBuildFile; fileRef = CA1C3A0C273340C000BB194C /* BSM_URL_Data.swift */; };
		CA65FF6C27F5F1E300F7845D /* Ints_Floats.swift in Sources */ = {isa = PBXBuildFile; fileRef = CA1C3A092733407400BB194C /* Ints_Floats.swift */; };
		CA65FF6E27F882AA00F7845D /* BSMTeam.swift in Sources */ = {isa = PBXBuildFile; fileRef = CA1CB20A27567E870007D24E /* BSMTeam.swift */; };
		CA65FF6F27F882BF00F7845D /* BSMGameScore.swift in Sources */ = {isa = PBXBuildFile; fileRef = CA0A95B425BF704C00A7C7C3 /* BSMGameScore.swift */; };
		CA65FF7027FF271000F7845D /* BSMLeagueGroup.swift in Sources */ = {isa = PBXBuildFile; fileRef = CA28D66D27A0601B00680067 /* BSMLeagueGroup.swift */; };
		CA65FF7127FF271600F7845D /* BSMStandingsTable.swift in Sources */ = {isa = PBXBuildFile; fileRef = CAE7740B26C1709B00A57F66 /* BSMStandingsTable.swift */; };
		CA65FF7227FF271900F7845D /* ModelData.swift in Sources */ = {isa = PBXBuildFile; fileRef = CAFDC1FC25BF7F09000A5922 /* ModelData.swift */; };
		CA65FF7327FF271C00F7845D /* PlayerModel.swift in Sources */ = {isa = PBXBuildFile; fileRef = CA1722E027542DBE00E8BF36 /* PlayerModel.swift */; };
		CA6F9E8427B2A9EE00530629 /* UserOnboardingView.swift in Sources */ = {isa = PBXBuildFile; fileRef = CA6F9E8327B2A9EE00530629 /* UserOnboardingView.swift */; };
		CA78B71C259507BC00510621 /* ColorSets.swift in Sources */ = {isa = PBXBuildFile; fileRef = CA78B71B259507BC00510621 /* ColorSets.swift */; };
		CA78B725259648F300510621 /* TeamDetailView.swift in Sources */ = {isa = PBXBuildFile; fileRef = CA78B724259648F300510621 /* TeamDetailView.swift */; };
		CA78B7282596880200510621 /* NewsDetailView.swift in Sources */ = {isa = PBXBuildFile; fileRef = CA78B7272596880200510621 /* NewsDetailView.swift */; };
		CA78B72B259688C100510621 /* PlayerDetailView.swift in Sources */ = {isa = PBXBuildFile; fileRef = CA78B72A259688C100510621 /* PlayerDetailView.swift */; };
		CA78B72E2596892E00510621 /* TeamListView.swift in Sources */ = {isa = PBXBuildFile; fileRef = CA78B72D2596892E00510621 /* TeamListView.swift */; };
		CA9A89B12739B193001BBFA8 /* SettingsListView.swift in Sources */ = {isa = PBXBuildFile; fileRef = CA0DA04A2598F449002A0FAB /* SettingsListView.swift */; };
		CA9A89B32739DEFE001BBFA8 /* ShareSheet.swift in Sources */ = {isa = PBXBuildFile; fileRef = CA9A89B22739DEFE001BBFA8 /* ShareSheet.swift */; };
		CA9B180E277A27FA00D24CFA /* ContentView.swift in Sources */ = {isa = PBXBuildFile; fileRef = CABF7BF0259351D400B95813 /* ContentView.swift */; };
		CA9B180F277A288900D24CFA /* Ints_Floats.swift in Sources */ = {isa = PBXBuildFile; fileRef = CA1C3A092733407400BB194C /* Ints_Floats.swift */; };
		CA9B1810277A289000D24CFA /* BSM_URL_Data.swift in Sources */ = {isa = PBXBuildFile; fileRef = CA1C3A0C273340C000BB194C /* BSM_URL_Data.swift */; };
		CA9B1811277A289E00D24CFA /* API_Key.swift in Sources */ = {isa = PBXBuildFile; fileRef = CA55F6E027601A4F0032302F /* API_Key.swift */; };
		CA9B1813277A290900D24CFA /* ScoresView.swift in Sources */ = {isa = PBXBuildFile; fileRef = CA0DA04125974EAD002A0FAB /* ScoresView.swift */; };
		CA9B1814277A299400D24CFA /* ScoresOverView.swift in Sources */ = {isa = PBXBuildFile; fileRef = CA0DA0442598BB32002A0FAB /* ScoresOverView.swift */; };
		CA9B1815277A299700D24CFA /* ScoresDetailView.swift in Sources */ = {isa = PBXBuildFile; fileRef = CA0DA0472598BCB1002A0FAB /* ScoresDetailView.swift */; };
		CA9B1816277A299D00D24CFA /* GlobalFunctions.swift in Sources */ = {isa = PBXBuildFile; fileRef = CAAB56C2271F62F800ADDE9D /* GlobalFunctions.swift */; };
		CA9B1817277A299F00D24CFA /* GlobalFunctions.swift in Sources */ = {isa = PBXBuildFile; fileRef = CAAB56C2271F62F800ADDE9D /* GlobalFunctions.swift */; };
		CAAB4021277B7C4800F45C7A /* BSM_Games_2020_human_readable.json in Resources */ = {isa = PBXBuildFile; fileRef = CA0DA052259A46FA002A0FAB /* BSM_Games_2020_human_readable.json */; };
		CAAB4022277B7C4B00F45C7A /* VLBB_2021_Standings.json in Resources */ = {isa = PBXBuildFile; fileRef = CAE7740926C1702900A57F66 /* VLBB_2021_Standings.json */; };
		CAAB4024277B7C5700F45C7A /* VLBB_2021_Standings.json in Resources */ = {isa = PBXBuildFile; fileRef = CAE7740926C1702900A57F66 /* VLBB_2021_Standings.json */; };
		CAAB4025277B7C5B00F45C7A /* BSM_Games_2020_human_readable.json in Resources */ = {isa = PBXBuildFile; fileRef = CA0DA052259A46FA002A0FAB /* BSM_Games_2020_human_readable.json */; };
		CAAB56C3271F62F800ADDE9D /* GlobalFunctions.swift in Sources */ = {isa = PBXBuildFile; fileRef = CAAB56C2271F62F800ADDE9D /* GlobalFunctions.swift */; };
		CAAB56C527208A9200ADDE9D /* UserHomeView.swift in Sources */ = {isa = PBXBuildFile; fileRef = CAAB56C427208A9200ADDE9D /* UserHomeView.swift */; };
		CABF7BEF259351D400B95813 /* Berlin_SkylarksApp.swift in Sources */ = {isa = PBXBuildFile; fileRef = CABF7BEE259351D400B95813 /* Berlin_SkylarksApp.swift */; };
		CABF7BF1259351D400B95813 /* ContentView.swift in Sources */ = {isa = PBXBuildFile; fileRef = CABF7BF0259351D400B95813 /* ContentView.swift */; };
		CABF7BF3259351D500B95813 /* Assets.xcassets in Resources */ = {isa = PBXBuildFile; fileRef = CABF7BF2259351D500B95813 /* Assets.xcassets */; };
		CABF7BF6259351D500B95813 /* Preview Assets.xcassets in Resources */ = {isa = PBXBuildFile; fileRef = CABF7BF5259351D500B95813 /* Preview Assets.xcassets */; };
		CABF7BF8259351D500B95813 /* Persistence.swift in Sources */ = {isa = PBXBuildFile; fileRef = CABF7BF7259351D500B95813 /* Persistence.swift */; };
		CABF7BFB259351D500B95813 /* Berlin_Skylarks.xcdatamodeld in Sources */ = {isa = PBXBuildFile; fileRef = CABF7BF9259351D500B95813 /* Berlin_Skylarks.xcdatamodeld */; };
		CABF7C0B2593627900B95813 /* NewsView.swift in Sources */ = {isa = PBXBuildFile; fileRef = CABF7C0A2593627900B95813 /* NewsView.swift */; };
		CAC0449F27749D1C00AD9888 /* ModelData.swift in Sources */ = {isa = PBXBuildFile; fileRef = CAFDC1FC25BF7F09000A5922 /* ModelData.swift */; };
		CAC044A027749D2C00AD9888 /* BSMGameScore.swift in Sources */ = {isa = PBXBuildFile; fileRef = CA0A95B425BF704C00A7C7C3 /* BSMGameScore.swift */; };
		CAC044A127749D2F00AD9888 /* BSMStandingsTable.swift in Sources */ = {isa = PBXBuildFile; fileRef = CAE7740B26C1709B00A57F66 /* BSMStandingsTable.swift */; };
		CAC044A227749D3100AD9888 /* PlayerModel.swift in Sources */ = {isa = PBXBuildFile; fileRef = CA1722E027542DBE00E8BF36 /* PlayerModel.swift */; };
		CAC044A327749D3400AD9888 /* BSMTeam.swift in Sources */ = {isa = PBXBuildFile; fileRef = CA1CB20A27567E870007D24E /* BSMTeam.swift */; };
		CAC49350280850C0009677C7 /* WidgetPreviewData.swift in Sources */ = {isa = PBXBuildFile; fileRef = CAC4934F280850C0009677C7 /* WidgetPreviewData.swift */; };
		CAC49351280850C0009677C7 /* WidgetPreviewData.swift in Sources */ = {isa = PBXBuildFile; fileRef = CAC4934F280850C0009677C7 /* WidgetPreviewData.swift */; };
		CACA4284283C25E3008F21FF /* SegmentPercentage.swift in Sources */ = {isa = PBXBuildFile; fileRef = CACA4283283C25E3008F21FF /* SegmentPercentage.swift */; };
		CACA4286283C26CF008F21FF /* SegmentChart.swift in Sources */ = {isa = PBXBuildFile; fileRef = CACA4285283C26CF008F21FF /* SegmentChart.swift */; };
		CACA4288283C2D47008F21FF /* ChartElement.swift in Sources */ = {isa = PBXBuildFile; fileRef = CACA4287283C2D47008F21FF /* ChartElement.swift */; };
		CACA428A283D03FA008F21FF /* SegmentStreak.swift in Sources */ = {isa = PBXBuildFile; fileRef = CACA4289283D03FA008F21FF /* SegmentStreak.swift */; };
		CACA428C283D60C8008F21FF /* StreakBar.swift in Sources */ = {isa = PBXBuildFile; fileRef = CACA428B283D60C8008F21FF /* StreakBar.swift */; };
		CACA428E283D60EB008F21FF /* StreakEmoji.swift in Sources */ = {isa = PBXBuildFile; fileRef = CACA428D283D60EB008F21FF /* StreakEmoji.swift */; };
		CACA4292284642DF008F21FF /* ClubStandingsRow.swift in Sources */ = {isa = PBXBuildFile; fileRef = CACA4291284642DF008F21FF /* ClubStandingsRow.swift */; };
		CACA42932846437F008F21FF /* ClubStandingsRow.swift in Sources */ = {isa = PBXBuildFile; fileRef = CACA4291284642DF008F21FF /* ClubStandingsRow.swift */; };
		CAD42719280BF1C3001CA68A /* ColorSets.swift in Sources */ = {isa = PBXBuildFile; fileRef = CA78B71B259507BC00510621 /* ColorSets.swift */; };
		CAD4271A280BF1C6001CA68A /* ColorSets.swift in Sources */ = {isa = PBXBuildFile; fileRef = CA78B71B259507BC00510621 /* ColorSets.swift */; };
		CAD4271C280DB10B001CA68A /* ScoresOverViewFull.swift in Sources */ = {isa = PBXBuildFile; fileRef = CAD4271B280DB10B001CA68A /* ScoresOverViewFull.swift */; };
		CAE134832771F2E000DFA745 /* WidgetKit.framework in Frameworks */ = {isa = PBXBuildFile; fileRef = CAE134822771F2E000DFA745 /* WidgetKit.framework */; };
		CAE134852771F2E000DFA745 /* SwiftUI.framework in Frameworks */ = {isa = PBXBuildFile; fileRef = CAE134842771F2E000DFA745 /* SwiftUI.framework */; };
		CAE134882771F2E000DFA745 /* WidgetSkylarks.swift in Sources */ = {isa = PBXBuildFile; fileRef = CAE134872771F2E000DFA745 /* WidgetSkylarks.swift */; };
		CAE1348B2771F2E100DFA745 /* Assets.xcassets in Resources */ = {isa = PBXBuildFile; fileRef = CAE1348A2771F2E100DFA745 /* Assets.xcassets */; };
		CAE1348D2771F2E100DFA745 /* WidgetSkylarks.intentdefinition in Sources */ = {isa = PBXBuildFile; fileRef = CAE134892771F2E000DFA745 /* WidgetSkylarks.intentdefinition */; };
		CAE1348E2771F2E100DFA745 /* WidgetSkylarks.intentdefinition in Sources */ = {isa = PBXBuildFile; fileRef = CAE134892771F2E000DFA745 /* WidgetSkylarks.intentdefinition */; };
		CAE134912771F2E100DFA745 /* WidgetSkylarksExtension.appex in Embed App Extensions */ = {isa = PBXBuildFile; fileRef = CAE134802771F2DF00DFA745 /* WidgetSkylarksExtension.appex */; settings = {ATTRIBUTES = (RemoveHeadersOnCopy, ); }; };
		CAE7740A26C1702900A57F66 /* VLBB_2021_Standings.json in Resources */ = {isa = PBXBuildFile; fileRef = CAE7740926C1702900A57F66 /* VLBB_2021_Standings.json */; };
		CAE7740C26C1709B00A57F66 /* BSMStandingsTable.swift in Sources */ = {isa = PBXBuildFile; fileRef = CAE7740B26C1709B00A57F66 /* BSMStandingsTable.swift */; };
		CAE7740E26C292F900A57F66 /* StandingsTableView.swift in Sources */ = {isa = PBXBuildFile; fileRef = CAE7740D26C292F900A57F66 /* StandingsTableView.swift */; };
		CAF062E32774C28400B7A0B2 /* FavoriteTeamWidgetView.swift in Sources */ = {isa = PBXBuildFile; fileRef = CAF062E12774C28400B7A0B2 /* FavoriteTeamWidgetView.swift */; };
		CAF839D02705F4D9006FAD6B /* TestView.swift in Sources */ = {isa = PBXBuildFile; fileRef = CAF839CF2705F4D9006FAD6B /* TestView.swift */; };
		CAF98F98282A972D00451946 /* UserOnboardingView.swift in Sources */ = {isa = PBXBuildFile; fileRef = CA6F9E8327B2A9EE00530629 /* UserOnboardingView.swift */; };
		CAFDC1FD25BF7F09000A5922 /* ModelData.swift in Sources */ = {isa = PBXBuildFile; fileRef = CAFDC1FC25BF7F09000A5922 /* ModelData.swift */; };
/* End PBXBuildFile section */

/* Begin PBXContainerItemProxy section */
		CA1C39AE2731856B00BB194C /* PBXContainerItemProxy */ = {
			isa = PBXContainerItemProxy;
			containerPortal = CABF7BE3259351D400B95813 /* Project object */;
			proxyType = 1;
			remoteGlobalIDString = CA1C39AB2731856B00BB194C;
			remoteInfo = "WatchSkylarks WatchKit Extension";
		};
		CA1C39C72731856C00BB194C /* PBXContainerItemProxy */ = {
			isa = PBXContainerItemProxy;
			containerPortal = CABF7BE3259351D400B95813 /* Project object */;
			proxyType = 1;
			remoteGlobalIDString = CA1C39AB2731856B00BB194C;
			remoteInfo = "WatchSkylarks WatchKit Extension";
		};
		CA1C39D12731856C00BB194C /* PBXContainerItemProxy */ = {
			isa = PBXContainerItemProxy;
			containerPortal = CABF7BE3259351D400B95813 /* Project object */;
			proxyType = 1;
			remoteGlobalIDString = CA1C39A32731856B00BB194C;
			remoteInfo = WatchSkylarks;
		};
		CA1C39D82731856C00BB194C /* PBXContainerItemProxy */ = {
			isa = PBXContainerItemProxy;
			containerPortal = CABF7BE3259351D400B95813 /* Project object */;
			proxyType = 1;
			remoteGlobalIDString = CA1C39A32731856B00BB194C;
			remoteInfo = WatchSkylarks;
		};
		CA65FF5D27F5EC4400F7845D /* PBXContainerItemProxy */ = {
			isa = PBXContainerItemProxy;
			containerPortal = CABF7BE3259351D400B95813 /* Project object */;
			proxyType = 1;
			remoteGlobalIDString = CA65FF4327F5EC4400F7845D;
			remoteInfo = "Skylarks Intents";
		};
		CAE1348F2771F2E100DFA745 /* PBXContainerItemProxy */ = {
			isa = PBXContainerItemProxy;
			containerPortal = CABF7BE3259351D400B95813 /* Project object */;
			proxyType = 1;
			remoteGlobalIDString = CAE1347F2771F2DF00DFA745;
			remoteInfo = WidgetSkylarksExtension;
		};
/* End PBXContainerItemProxy section */

/* Begin PBXCopyFilesBuildPhase section */
		CA1C39DB2731856C00BB194C /* Embed Watch Content */ = {
			isa = PBXCopyFilesBuildPhase;
			buildActionMask = 2147483647;
			dstPath = "$(CONTENTS_FOLDER_PATH)/Watch";
			dstSubfolderSpec = 16;
			files = (
				CA1C39DA2731856C00BB194C /* Skylarks.app in Embed Watch Content */,
			);
			name = "Embed Watch Content";
			runOnlyForDeploymentPostprocessing = 0;
		};
		CA1C39DE2731856C00BB194C /* Embed App Extensions */ = {
			isa = PBXCopyFilesBuildPhase;
			buildActionMask = 2147483647;
			dstPath = "";
			dstSubfolderSpec = 13;
			files = (
				CA1C39AD2731856B00BB194C /* WatchSkylarks WatchKit Extension.appex in Embed App Extensions */,
			);
			name = "Embed App Extensions";
			runOnlyForDeploymentPostprocessing = 0;
		};
		CAE134932771F2E100DFA745 /* Embed App Extensions */ = {
			isa = PBXCopyFilesBuildPhase;
			buildActionMask = 2147483647;
			dstPath = "";
			dstSubfolderSpec = 13;
			files = (
				CAE134912771F2E100DFA745 /* WidgetSkylarksExtension.appex in Embed App Extensions */,
				CA65FF5F27F5EC4400F7845D /* Skylarks Intents.appex in Embed App Extensions */,
			);
			name = "Embed App Extensions";
			runOnlyForDeploymentPostprocessing = 0;
		};
/* End PBXCopyFilesBuildPhase section */

/* Begin PBXFileReference section */
		CA0A95B425BF704C00A7C7C3 /* BSMGameScore.swift */ = {isa = PBXFileReference; lastKnownFileType = sourcecode.swift; path = BSMGameScore.swift; sourceTree = "<group>"; };
		CA0DA04125974EAD002A0FAB /* ScoresView.swift */ = {isa = PBXFileReference; lastKnownFileType = sourcecode.swift; path = ScoresView.swift; sourceTree = "<group>"; };
		CA0DA0442598BB32002A0FAB /* ScoresOverView.swift */ = {isa = PBXFileReference; lastKnownFileType = sourcecode.swift; path = ScoresOverView.swift; sourceTree = "<group>"; };
		CA0DA0472598BCB1002A0FAB /* ScoresDetailView.swift */ = {isa = PBXFileReference; lastKnownFileType = sourcecode.swift; path = ScoresDetailView.swift; sourceTree = "<group>"; };
		CA0DA04A2598F449002A0FAB /* SettingsListView.swift */ = {isa = PBXFileReference; lastKnownFileType = sourcecode.swift; path = SettingsListView.swift; sourceTree = "<group>"; };
		CA0DA04D2598F570002A0FAB /* InfoView.swift */ = {isa = PBXFileReference; lastKnownFileType = sourcecode.swift; path = InfoView.swift; sourceTree = "<group>"; };
		CA0DA052259A46FA002A0FAB /* BSM_Games_2020_human_readable.json */ = {isa = PBXFileReference; explicitFileType = text.json; fileEncoding = 4; path = BSM_Games_2020_human_readable.json; sourceTree = "<group>"; };
		CA0DA056259CAC8E002A0FAB /* StandingsView.swift */ = {isa = PBXFileReference; lastKnownFileType = sourcecode.swift; path = StandingsView.swift; sourceTree = "<group>"; };
		CA1722E027542DBE00E8BF36 /* PlayerModel.swift */ = {isa = PBXFileReference; lastKnownFileType = sourcecode.swift; path = PlayerModel.swift; sourceTree = "<group>"; };
		CA1A240C26BC389E00A8D1C7 /* Berlin Skylarks.entitlements */ = {isa = PBXFileReference; lastKnownFileType = text.plist.entitlements; path = "Berlin Skylarks.entitlements"; sourceTree = "<group>"; };
		CA1C39A42731856B00BB194C /* Skylarks.app */ = {isa = PBXFileReference; explicitFileType = wrapper.application; includeInIndex = 0; path = Skylarks.app; sourceTree = BUILT_PRODUCTS_DIR; };
		CA1C39A62731856B00BB194C /* Assets.xcassets */ = {isa = PBXFileReference; lastKnownFileType = folder.assetcatalog; path = Assets.xcassets; sourceTree = "<group>"; };
		CA1C39AC2731856B00BB194C /* WatchSkylarks WatchKit Extension.appex */ = {isa = PBXFileReference; explicitFileType = "wrapper.app-extension"; includeInIndex = 0; path = "WatchSkylarks WatchKit Extension.appex"; sourceTree = BUILT_PRODUCTS_DIR; };
		CA1C39B52731856B00BB194C /* NotificationController.swift */ = {isa = PBXFileReference; lastKnownFileType = sourcecode.swift; path = NotificationController.swift; sourceTree = "<group>"; };
		CA1C39B72731856B00BB194C /* NotificationView.swift */ = {isa = PBXFileReference; lastKnownFileType = sourcecode.swift; path = NotificationView.swift; sourceTree = "<group>"; };
		CA1C39B92731856B00BB194C /* ComplicationController.swift */ = {isa = PBXFileReference; lastKnownFileType = sourcecode.swift; path = ComplicationController.swift; sourceTree = "<group>"; };
		CA1C39BB2731856C00BB194C /* Assets.xcassets */ = {isa = PBXFileReference; lastKnownFileType = folder.assetcatalog; path = Assets.xcassets; sourceTree = "<group>"; };
		CA1C39BE2731856C00BB194C /* Preview Assets.xcassets */ = {isa = PBXFileReference; lastKnownFileType = folder.assetcatalog; path = "Preview Assets.xcassets"; sourceTree = "<group>"; };
		CA1C39C02731856C00BB194C /* Info.plist */ = {isa = PBXFileReference; lastKnownFileType = text.plist.xml; path = Info.plist; sourceTree = "<group>"; };
		CA1C39C12731856C00BB194C /* PushNotificationPayload.apns */ = {isa = PBXFileReference; lastKnownFileType = text; path = PushNotificationPayload.apns; sourceTree = "<group>"; };
		CA1C39C62731856C00BB194C /* WatchSkylarksTests.xctest */ = {isa = PBXFileReference; explicitFileType = wrapper.cfbundle; includeInIndex = 0; path = WatchSkylarksTests.xctest; sourceTree = BUILT_PRODUCTS_DIR; };
		CA1C39CA2731856C00BB194C /* WatchSkylarksTests.swift */ = {isa = PBXFileReference; lastKnownFileType = sourcecode.swift; path = WatchSkylarksTests.swift; sourceTree = "<group>"; };
		CA1C39D02731856C00BB194C /* WatchSkylarksUITests.xctest */ = {isa = PBXFileReference; explicitFileType = wrapper.cfbundle; includeInIndex = 0; path = WatchSkylarksUITests.xctest; sourceTree = BUILT_PRODUCTS_DIR; };
		CA1C39D42731856C00BB194C /* WatchSkylarksUITests.swift */ = {isa = PBXFileReference; lastKnownFileType = sourcecode.swift; path = WatchSkylarksUITests.swift; sourceTree = "<group>"; };
		CA1C39D62731856C00BB194C /* WatchSkylarksUITestsLaunchTests.swift */ = {isa = PBXFileReference; lastKnownFileType = sourcecode.swift; path = WatchSkylarksUITestsLaunchTests.swift; sourceTree = "<group>"; };
		CA1C39F727318C6D00BB194C /* Berlin_SkylarksApp.swift */ = {isa = PBXFileReference; fileEncoding = 4; lastKnownFileType = sourcecode.swift; path = Berlin_SkylarksApp.swift; sourceTree = "<group>"; };
		CA1C3A092733407400BB194C /* Ints_Floats.swift */ = {isa = PBXFileReference; lastKnownFileType = sourcecode.swift; path = Ints_Floats.swift; sourceTree = "<group>"; };
		CA1C3A0C273340C000BB194C /* BSM_URL_Data.swift */ = {isa = PBXFileReference; lastKnownFileType = sourcecode.swift; path = BSM_URL_Data.swift; sourceTree = "<group>"; };
		CA1C3A162733473100BB194C /* watchOS_globals.swift */ = {isa = PBXFileReference; lastKnownFileType = sourcecode.swift; path = watchOS_globals.swift; sourceTree = "<group>"; };
		CA1C3A1F27388BF300BB194C /* SidebarNavigationView.swift */ = {isa = PBXFileReference; lastKnownFileType = sourcecode.swift; path = SidebarNavigationView.swift; sourceTree = "<group>"; };
		CA1CB20A27567E870007D24E /* BSMTeam.swift */ = {isa = PBXFileReference; lastKnownFileType = sourcecode.swift; path = BSMTeam.swift; sourceTree = "<group>"; };
		CA1CB210275D15BA0007D24E /* README.md */ = {isa = PBXFileReference; fileEncoding = 4; lastKnownFileType = net.daringfireball.markdown; path = README.md; sourceTree = "<group>"; };
		CA1E035D2819949A00E2FF8F /* UserDashboard.swift */ = {isa = PBXFileReference; lastKnownFileType = sourcecode.swift; path = UserDashboard.swift; sourceTree = "<group>"; };
		CA1E035F281994EA00E2FF8F /* GameData.swift */ = {isa = PBXFileReference; lastKnownFileType = sourcecode.swift; path = GameData.swift; sourceTree = "<group>"; };
		CA1E03672819ABAA00E2FF8F /* TeamImageData.swift */ = {isa = PBXFileReference; lastKnownFileType = sourcecode.swift; path = TeamImageData.swift; sourceTree = "<group>"; };
		CA1E036D281ACC9D00E2FF8F /* LegalNoticeView.swift */ = {isa = PBXFileReference; lastKnownFileType = sourcecode.swift; path = LegalNoticeView.swift; sourceTree = "<group>"; };
		CA1E0370281AD4D100E2FF8F /* PrivacyPolicyView.swift */ = {isa = PBXFileReference; lastKnownFileType = sourcecode.swift; path = PrivacyPolicyView.swift; sourceTree = "<group>"; };
		CA28D66D27A0601B00680067 /* BSMLeagueGroup.swift */ = {isa = PBXFileReference; lastKnownFileType = sourcecode.swift; name = BSMLeagueGroup.swift; path = "Berlin Skylarks/Models/BSMLeagueGroup.swift"; sourceTree = SOURCE_ROOT; };
		CA28FB8F280DDDC6007581FD /* HomeTeamDetailView.swift */ = {isa = PBXFileReference; lastKnownFileType = sourcecode.swift; path = HomeTeamDetailView.swift; sourceTree = "<group>"; };
		CA48557C27748A9E004ED11A /* GamedayWidgetView.swift */ = {isa = PBXFileReference; lastKnownFileType = sourcecode.swift; path = GamedayWidgetView.swift; sourceTree = "<group>"; };
		CA55F6E027601A4F0032302F /* API_Key.swift */ = {isa = PBXFileReference; lastKnownFileType = sourcecode.swift; path = API_Key.swift; sourceTree = "<group>"; };
		CA56299426943C0D00274BE4 /* WebArticleView.swift */ = {isa = PBXFileReference; lastKnownFileType = sourcecode.swift; path = WebArticleView.swift; sourceTree = "<group>"; };
		CA6042A02745B14000607011 /* ViewModifiers.swift */ = {isa = PBXFileReference; lastKnownFileType = sourcecode.swift; path = ViewModifiers.swift; sourceTree = "<group>"; };
		CA60E398282D3DCE00660729 /* Launch Screen.storyboard */ = {isa = PBXFileReference; lastKnownFileType = file.storyboard; path = "Launch Screen.storyboard"; sourceTree = "<group>"; };
		CA65FF4427F5EC4400F7845D /* Skylarks Intents.appex */ = {isa = PBXFileReference; explicitFileType = "wrapper.app-extension"; includeInIndex = 0; path = "Skylarks Intents.appex"; sourceTree = BUILT_PRODUCTS_DIR; };
		CA65FF4527F5EC4400F7845D /* Intents.framework */ = {isa = PBXFileReference; lastKnownFileType = wrapper.framework; name = Intents.framework; path = System/Library/Frameworks/Intents.framework; sourceTree = SDKROOT; };
		CA65FF4827F5EC4400F7845D /* IntentHandler.swift */ = {isa = PBXFileReference; lastKnownFileType = sourcecode.swift; path = IntentHandler.swift; sourceTree = "<group>"; };
		CA65FF4A27F5EC4400F7845D /* Info.plist */ = {isa = PBXFileReference; lastKnownFileType = text.plist.xml; path = Info.plist; sourceTree = "<group>"; };
		CA65FF5027F5EC4400F7845D /* IntentsUI.framework */ = {isa = PBXFileReference; lastKnownFileType = wrapper.framework; name = IntentsUI.framework; path = System/Library/Frameworks/IntentsUI.framework; sourceTree = SDKROOT; };
		CA65FF5327F5EC4400F7845D /* IntentViewController.swift */ = {isa = PBXFileReference; lastKnownFileType = sourcecode.swift; path = IntentViewController.swift; sourceTree = "<group>"; };
		CA65FF5627F5EC4400F7845D /* Base */ = {isa = PBXFileReference; lastKnownFileType = file.storyboard; name = Base; path = Base.lproj/MainInterface.storyboard; sourceTree = "<group>"; };
		CA65FF5827F5EC4400F7845D /* Info.plist */ = {isa = PBXFileReference; lastKnownFileType = text.plist.xml; path = Info.plist; sourceTree = "<group>"; };
		CA65FF5C27F5EC4400F7845D /* Skylarks IntentsUI.entitlements */ = {isa = PBXFileReference; lastKnownFileType = text.plist.entitlements; path = "Skylarks IntentsUI.entitlements"; sourceTree = "<group>"; };
		CA65FF6027F5EC4400F7845D /* Skylarks Intents.entitlements */ = {isa = PBXFileReference; lastKnownFileType = text.plist.entitlements; path = "Skylarks Intents.entitlements"; sourceTree = "<group>"; };
		CA6F9E8327B2A9EE00530629 /* UserOnboardingView.swift */ = {isa = PBXFileReference; lastKnownFileType = sourcecode.swift; path = UserOnboardingView.swift; sourceTree = "<group>"; };
		CA78B71B259507BC00510621 /* ColorSets.swift */ = {isa = PBXFileReference; lastKnownFileType = sourcecode.swift; path = ColorSets.swift; sourceTree = "<group>"; };
		CA78B724259648F300510621 /* TeamDetailView.swift */ = {isa = PBXFileReference; lastKnownFileType = sourcecode.swift; path = TeamDetailView.swift; sourceTree = "<group>"; };
		CA78B7272596880200510621 /* NewsDetailView.swift */ = {isa = PBXFileReference; lastKnownFileType = sourcecode.swift; path = NewsDetailView.swift; sourceTree = "<group>"; };
		CA78B72A259688C100510621 /* PlayerDetailView.swift */ = {isa = PBXFileReference; lastKnownFileType = sourcecode.swift; path = PlayerDetailView.swift; sourceTree = "<group>"; };
		CA78B72D2596892E00510621 /* TeamListView.swift */ = {isa = PBXFileReference; lastKnownFileType = sourcecode.swift; path = TeamListView.swift; sourceTree = "<group>"; };
		CA9A89B22739DEFE001BBFA8 /* ShareSheet.swift */ = {isa = PBXFileReference; lastKnownFileType = sourcecode.swift; path = ShareSheet.swift; sourceTree = "<group>"; };
		CAAB56C2271F62F800ADDE9D /* GlobalFunctions.swift */ = {isa = PBXFileReference; lastKnownFileType = sourcecode.swift; path = GlobalFunctions.swift; sourceTree = "<group>"; };
		CAAB56C427208A9200ADDE9D /* UserHomeView.swift */ = {isa = PBXFileReference; lastKnownFileType = sourcecode.swift; path = UserHomeView.swift; sourceTree = "<group>"; };
		CABF7BEB259351D400B95813 /* Berlin Skylarks.app */ = {isa = PBXFileReference; explicitFileType = wrapper.application; includeInIndex = 0; path = "Berlin Skylarks.app"; sourceTree = BUILT_PRODUCTS_DIR; };
		CABF7BEE259351D400B95813 /* Berlin_SkylarksApp.swift */ = {isa = PBXFileReference; lastKnownFileType = sourcecode.swift; path = Berlin_SkylarksApp.swift; sourceTree = "<group>"; };
		CABF7BF0259351D400B95813 /* ContentView.swift */ = {isa = PBXFileReference; lastKnownFileType = sourcecode.swift; path = ContentView.swift; sourceTree = "<group>"; };
		CABF7BF2259351D500B95813 /* Assets.xcassets */ = {isa = PBXFileReference; lastKnownFileType = folder.assetcatalog; path = Assets.xcassets; sourceTree = "<group>"; };
		CABF7BF5259351D500B95813 /* Preview Assets.xcassets */ = {isa = PBXFileReference; lastKnownFileType = folder.assetcatalog; path = "Preview Assets.xcassets"; sourceTree = "<group>"; };
		CABF7BF7259351D500B95813 /* Persistence.swift */ = {isa = PBXFileReference; lastKnownFileType = sourcecode.swift; path = Persistence.swift; sourceTree = "<group>"; };
		CABF7BFA259351D500B95813 /* Berlin_Skylarks.xcdatamodel */ = {isa = PBXFileReference; lastKnownFileType = wrapper.xcdatamodel; path = Berlin_Skylarks.xcdatamodel; sourceTree = "<group>"; };
		CABF7BFC259351D500B95813 /* Info.plist */ = {isa = PBXFileReference; lastKnownFileType = text.plist.xml; path = Info.plist; sourceTree = "<group>"; };
		CABF7C0A2593627900B95813 /* NewsView.swift */ = {isa = PBXFileReference; lastKnownFileType = sourcecode.swift; path = NewsView.swift; sourceTree = "<group>"; };
		CAC4934F280850C0009677C7 /* WidgetPreviewData.swift */ = {isa = PBXFileReference; lastKnownFileType = sourcecode.swift; path = WidgetPreviewData.swift; sourceTree = "<group>"; };
		CACA4283283C25E3008F21FF /* SegmentPercentage.swift */ = {isa = PBXFileReference; lastKnownFileType = sourcecode.swift; path = SegmentPercentage.swift; sourceTree = "<group>"; };
		CACA4285283C26CF008F21FF /* SegmentChart.swift */ = {isa = PBXFileReference; lastKnownFileType = sourcecode.swift; path = SegmentChart.swift; sourceTree = "<group>"; };
		CACA4287283C2D47008F21FF /* ChartElement.swift */ = {isa = PBXFileReference; lastKnownFileType = sourcecode.swift; path = ChartElement.swift; sourceTree = "<group>"; };
		CACA4289283D03FA008F21FF /* SegmentStreak.swift */ = {isa = PBXFileReference; lastKnownFileType = sourcecode.swift; path = SegmentStreak.swift; sourceTree = "<group>"; };
		CACA428B283D60C8008F21FF /* StreakBar.swift */ = {isa = PBXFileReference; lastKnownFileType = sourcecode.swift; path = StreakBar.swift; sourceTree = "<group>"; };
		CACA428D283D60EB008F21FF /* StreakEmoji.swift */ = {isa = PBXFileReference; lastKnownFileType = sourcecode.swift; path = StreakEmoji.swift; sourceTree = "<group>"; };
		CACA4291284642DF008F21FF /* ClubStandingsRow.swift */ = {isa = PBXFileReference; lastKnownFileType = sourcecode.swift; path = ClubStandingsRow.swift; sourceTree = "<group>"; };
		CAD4271B280DB10B001CA68A /* ScoresOverViewFull.swift */ = {isa = PBXFileReference; lastKnownFileType = sourcecode.swift; path = ScoresOverViewFull.swift; sourceTree = "<group>"; };
		CAE134802771F2DF00DFA745 /* WidgetSkylarksExtension.appex */ = {isa = PBXFileReference; explicitFileType = "wrapper.app-extension"; includeInIndex = 0; path = WidgetSkylarksExtension.appex; sourceTree = BUILT_PRODUCTS_DIR; };
		CAE134822771F2E000DFA745 /* WidgetKit.framework */ = {isa = PBXFileReference; lastKnownFileType = wrapper.framework; name = WidgetKit.framework; path = System/Library/Frameworks/WidgetKit.framework; sourceTree = SDKROOT; };
		CAE134842771F2E000DFA745 /* SwiftUI.framework */ = {isa = PBXFileReference; lastKnownFileType = wrapper.framework; name = SwiftUI.framework; path = System/Library/Frameworks/SwiftUI.framework; sourceTree = SDKROOT; };
		CAE134872771F2E000DFA745 /* WidgetSkylarks.swift */ = {isa = PBXFileReference; lastKnownFileType = sourcecode.swift; path = WidgetSkylarks.swift; sourceTree = "<group>"; };
		CAE134892771F2E000DFA745 /* WidgetSkylarks.intentdefinition */ = {isa = PBXFileReference; lastKnownFileType = file.intentdefinition; path = WidgetSkylarks.intentdefinition; sourceTree = "<group>"; };
		CAE1348A2771F2E100DFA745 /* Assets.xcassets */ = {isa = PBXFileReference; lastKnownFileType = folder.assetcatalog; path = Assets.xcassets; sourceTree = "<group>"; };
		CAE1348C2771F2E100DFA745 /* Info.plist */ = {isa = PBXFileReference; lastKnownFileType = text.plist.xml; path = Info.plist; sourceTree = "<group>"; };
		CAE134922771F2E100DFA745 /* WidgetSkylarksExtension.entitlements */ = {isa = PBXFileReference; lastKnownFileType = text.plist.entitlements; path = WidgetSkylarksExtension.entitlements; sourceTree = "<group>"; };
		CAE7740926C1702900A57F66 /* VLBB_2021_Standings.json */ = {isa = PBXFileReference; fileEncoding = 4; lastKnownFileType = text.json; path = VLBB_2021_Standings.json; sourceTree = "<group>"; };
		CAE7740B26C1709B00A57F66 /* BSMStandingsTable.swift */ = {isa = PBXFileReference; lastKnownFileType = sourcecode.swift; path = BSMStandingsTable.swift; sourceTree = "<group>"; };
		CAE7740D26C292F900A57F66 /* StandingsTableView.swift */ = {isa = PBXFileReference; lastKnownFileType = sourcecode.swift; path = StandingsTableView.swift; sourceTree = "<group>"; };
		CAF062E12774C28400B7A0B2 /* FavoriteTeamWidgetView.swift */ = {isa = PBXFileReference; lastKnownFileType = sourcecode.swift; path = FavoriteTeamWidgetView.swift; sourceTree = "<group>"; };
		CAF839CF2705F4D9006FAD6B /* TestView.swift */ = {isa = PBXFileReference; lastKnownFileType = sourcecode.swift; path = TestView.swift; sourceTree = "<group>"; };
		CAFDC1FC25BF7F09000A5922 /* ModelData.swift */ = {isa = PBXFileReference; lastKnownFileType = sourcecode.swift; path = ModelData.swift; sourceTree = "<group>"; };
/* End PBXFileReference section */

/* Begin PBXFrameworksBuildPhase section */
		CA1C39A92731856B00BB194C /* Frameworks */ = {
			isa = PBXFrameworksBuildPhase;
			buildActionMask = 2147483647;
			files = (
			);
			runOnlyForDeploymentPostprocessing = 0;
		};
		CA1C39C32731856C00BB194C /* Frameworks */ = {
			isa = PBXFrameworksBuildPhase;
			buildActionMask = 2147483647;
			files = (
			);
			runOnlyForDeploymentPostprocessing = 0;
		};
		CA1C39CD2731856C00BB194C /* Frameworks */ = {
			isa = PBXFrameworksBuildPhase;
			buildActionMask = 2147483647;
			files = (
			);
			runOnlyForDeploymentPostprocessing = 0;
		};
		CA65FF4127F5EC4400F7845D /* Frameworks */ = {
			isa = PBXFrameworksBuildPhase;
			buildActionMask = 2147483647;
			files = (
				CA65FF4627F5EC4400F7845D /* Intents.framework in Frameworks */,
			);
			runOnlyForDeploymentPostprocessing = 0;
		};
		CABF7BE8259351D400B95813 /* Frameworks */ = {
			isa = PBXFrameworksBuildPhase;
			buildActionMask = 2147483647;
			files = (
			);
			runOnlyForDeploymentPostprocessing = 0;
		};
		CAE1347D2771F2DF00DFA745 /* Frameworks */ = {
			isa = PBXFrameworksBuildPhase;
			buildActionMask = 2147483647;
			files = (
				CAE134852771F2E000DFA745 /* SwiftUI.framework in Frameworks */,
				CAE134832771F2E000DFA745 /* WidgetKit.framework in Frameworks */,
			);
			runOnlyForDeploymentPostprocessing = 0;
		};
/* End PBXFrameworksBuildPhase section */

/* Begin PBXGroup section */
		CA0DA051259A46CC002A0FAB /* JSON data */ = {
			isa = PBXGroup;
			children = (
				CA0DA052259A46FA002A0FAB /* BSM_Games_2020_human_readable.json */,
				CAE7740926C1702900A57F66 /* VLBB_2021_Standings.json */,
			);
			path = "JSON data";
			sourceTree = "<group>";
		};
		CA1C39A52731856B00BB194C /* WatchSkylarks */ = {
			isa = PBXGroup;
			children = (
				CA1C39A62731856B00BB194C /* Assets.xcassets */,
			);
			path = WatchSkylarks;
			sourceTree = "<group>";
		};
		CA1C39B02731856B00BB194C /* WatchSkylarks WatchKit Extension */ = {
			isa = PBXGroup;
			children = (
				CA1C39F727318C6D00BB194C /* Berlin_SkylarksApp.swift */,
				CA1C39B52731856B00BB194C /* NotificationController.swift */,
				CA1C39B72731856B00BB194C /* NotificationView.swift */,
				CA1C39B92731856B00BB194C /* ComplicationController.swift */,
				CA1C3A162733473100BB194C /* watchOS_globals.swift */,
				CA1C39BB2731856C00BB194C /* Assets.xcassets */,
				CA1C39C02731856C00BB194C /* Info.plist */,
				CA1C39C12731856C00BB194C /* PushNotificationPayload.apns */,
				CA1C39BD2731856C00BB194C /* Preview Content */,
			);
			path = "WatchSkylarks WatchKit Extension";
			sourceTree = "<group>";
		};
		CA1C39BD2731856C00BB194C /* Preview Content */ = {
			isa = PBXGroup;
			children = (
				CA1C39BE2731856C00BB194C /* Preview Assets.xcassets */,
			);
			path = "Preview Content";
			sourceTree = "<group>";
		};
		CA1C39C92731856C00BB194C /* WatchSkylarksTests */ = {
			isa = PBXGroup;
			children = (
				CA1C39CA2731856C00BB194C /* WatchSkylarksTests.swift */,
			);
			path = WatchSkylarksTests;
			sourceTree = "<group>";
		};
		CA1C39D32731856C00BB194C /* WatchSkylarksUITests */ = {
			isa = PBXGroup;
			children = (
				CA1C39D42731856C00BB194C /* WatchSkylarksUITests.swift */,
				CA1C39D62731856C00BB194C /* WatchSkylarksUITestsLaunchTests.swift */,
			);
			path = WatchSkylarksUITests;
			sourceTree = "<group>";
		};
		CA1C3A082733402800BB194C /* Global */ = {
			isa = PBXGroup;
			children = (
				CA1C3A092733407400BB194C /* Ints_Floats.swift */,
				CA78B71B259507BC00510621 /* ColorSets.swift */,
				CA1C3A0C273340C000BB194C /* BSM_URL_Data.swift */,
				CAAB56C2271F62F800ADDE9D /* GlobalFunctions.swift */,
				CA6042A02745B14000607011 /* ViewModifiers.swift */,
				CA55F6E027601A4F0032302F /* API_Key.swift */,
				CA1E03672819ABAA00E2FF8F /* TeamImageData.swift */,
			);
			path = Global;
			sourceTree = "<group>";
		};
		CA1E035C2819939700E2FF8F /* Objects_Classes */ = {
			isa = PBXGroup;
			children = (
				CA1E035D2819949A00E2FF8F /* UserDashboard.swift */,
				CA1E035F281994EA00E2FF8F /* GameData.swift */,
			);
			path = Objects_Classes;
			sourceTree = "<group>";
		};
		CA1E036C281ACC7A00E2FF8F /* Settings */ = {
			isa = PBXGroup;
			children = (
				CA0DA04A2598F449002A0FAB /* SettingsListView.swift */,
				CA0DA04D2598F570002A0FAB /* InfoView.swift */,
				CA1E036D281ACC9D00E2FF8F /* LegalNoticeView.swift */,
				CA1E0370281AD4D100E2FF8F /* PrivacyPolicyView.swift */,
			);
			path = Settings;
			sourceTree = "<group>";
		};
		CA65FF4727F5EC4400F7845D /* Skylarks Intents */ = {
			isa = PBXGroup;
			children = (
				CA65FF6027F5EC4400F7845D /* Skylarks Intents.entitlements */,
				CA65FF4827F5EC4400F7845D /* IntentHandler.swift */,
				CA65FF4A27F5EC4400F7845D /* Info.plist */,
			);
			path = "Skylarks Intents";
			sourceTree = "<group>";
		};
		CA65FF5227F5EC4400F7845D /* Skylarks IntentsUI */ = {
			isa = PBXGroup;
			children = (
				CA65FF5C27F5EC4400F7845D /* Skylarks IntentsUI.entitlements */,
				CA65FF5327F5EC4400F7845D /* IntentViewController.swift */,
				CA65FF5527F5EC4400F7845D /* MainInterface.storyboard */,
				CA65FF5827F5EC4400F7845D /* Info.plist */,
			);
			path = "Skylarks IntentsUI";
			sourceTree = "<group>";
		};
		CA97EAB7272370F5003055B6 /* Home_Dashboard */ = {
			isa = PBXGroup;
			children = (
				CAAB56C427208A9200ADDE9D /* UserHomeView.swift */,
				CA28FB8F280DDDC6007581FD /* HomeTeamDetailView.swift */,
				CACA4285283C26CF008F21FF /* SegmentChart.swift */,
				CACA4287283C2D47008F21FF /* ChartElement.swift */,
				CACA4283283C25E3008F21FF /* SegmentPercentage.swift */,
				CACA4289283D03FA008F21FF /* SegmentStreak.swift */,
				CACA428D283D60EB008F21FF /* StreakEmoji.swift */,
				CACA428B283D60C8008F21FF /* StreakBar.swift */,
			);
			path = Home_Dashboard;
			sourceTree = "<group>";
		};
		CABF7BE2259351D400B95813 = {
			isa = PBXGroup;
			children = (
				CAE134922771F2E100DFA745 /* WidgetSkylarksExtension.entitlements */,
				CA1CB210275D15BA0007D24E /* README.md */,
				CABF7BED259351D400B95813 /* Berlin Skylarks */,
				CA1C39A52731856B00BB194C /* WatchSkylarks */,
				CA1C39B02731856B00BB194C /* WatchSkylarks WatchKit Extension */,
				CA1C39C92731856C00BB194C /* WatchSkylarksTests */,
				CA1C39D32731856C00BB194C /* WatchSkylarksUITests */,
				CAE134862771F2E000DFA745 /* WidgetSkylarks */,
				CA65FF4727F5EC4400F7845D /* Skylarks Intents */,
				CA65FF5227F5EC4400F7845D /* Skylarks IntentsUI */,
				CAE134812771F2DF00DFA745 /* Frameworks */,
				CABF7BEC259351D400B95813 /* Products */,
			);
			sourceTree = "<group>";
		};
		CABF7BEC259351D400B95813 /* Products */ = {
			isa = PBXGroup;
			children = (
				CABF7BEB259351D400B95813 /* Berlin Skylarks.app */,
				CA1C39A42731856B00BB194C /* Skylarks.app */,
				CA1C39AC2731856B00BB194C /* WatchSkylarks WatchKit Extension.appex */,
				CA1C39C62731856C00BB194C /* WatchSkylarksTests.xctest */,
				CA1C39D02731856C00BB194C /* WatchSkylarksUITests.xctest */,
				CAE134802771F2DF00DFA745 /* WidgetSkylarksExtension.appex */,
				CA65FF4427F5EC4400F7845D /* Skylarks Intents.appex */,
			);
			name = Products;
			sourceTree = "<group>";
		};
		CABF7BED259351D400B95813 /* Berlin Skylarks */ = {
			isa = PBXGroup;
			children = (
				CA60E398282D3DCE00660729 /* Launch Screen.storyboard */,
				CABF7BEE259351D400B95813 /* Berlin_SkylarksApp.swift */,
				CABF7BF7259351D500B95813 /* Persistence.swift */,
				CA1E035C2819939700E2FF8F /* Objects_Classes */,
				CA1C3A082733402800BB194C /* Global */,
				CA1A240C26BC389E00A8D1C7 /* Berlin Skylarks.entitlements */,
				CA0DA051259A46CC002A0FAB /* JSON data */,
				CAFDC20225C0BC77000A5922 /* Views */,
				CAFDC20025C0BC63000A5922 /* Models */,
				CABF7BF2259351D500B95813 /* Assets.xcassets */,
				CABF7BFC259351D500B95813 /* Info.plist */,
				CABF7BF9259351D500B95813 /* Berlin_Skylarks.xcdatamodeld */,
				CABF7BF4259351D500B95813 /* Preview Content */,
			);
			path = "Berlin Skylarks";
			sourceTree = "<group>";
		};
		CABF7BF4259351D500B95813 /* Preview Content */ = {
			isa = PBXGroup;
			children = (
				CABF7BF5259351D500B95813 /* Preview Assets.xcassets */,
			);
			path = "Preview Content";
			sourceTree = "<group>";
		};
		CAE134812771F2DF00DFA745 /* Frameworks */ = {
			isa = PBXGroup;
			children = (
				CAE134822771F2E000DFA745 /* WidgetKit.framework */,
				CAE134842771F2E000DFA745 /* SwiftUI.framework */,
				CA65FF4527F5EC4400F7845D /* Intents.framework */,
				CA65FF5027F5EC4400F7845D /* IntentsUI.framework */,
			);
			name = Frameworks;
			sourceTree = "<group>";
		};
		CAE134862771F2E000DFA745 /* WidgetSkylarks */ = {
			isa = PBXGroup;
			children = (
				CAE134892771F2E000DFA745 /* WidgetSkylarks.intentdefinition */,
				CAE1348A2771F2E100DFA745 /* Assets.xcassets */,
				CAE1348C2771F2E100DFA745 /* Info.plist */,
				CAE134872771F2E000DFA745 /* WidgetSkylarks.swift */,
				CA48557C27748A9E004ED11A /* GamedayWidgetView.swift */,
				CAF062E12774C28400B7A0B2 /* FavoriteTeamWidgetView.swift */,
				CAC4934F280850C0009677C7 /* WidgetPreviewData.swift */,
			);
			path = WidgetSkylarks;
			sourceTree = "<group>";
		};
		CAF839CB2704FCC2006FAD6B /* Scores */ = {
			isa = PBXGroup;
			children = (
				CA0DA04125974EAD002A0FAB /* ScoresView.swift */,
				CA0DA0442598BB32002A0FAB /* ScoresOverView.swift */,
				CAD4271B280DB10B001CA68A /* ScoresOverViewFull.swift */,
				CA0DA0472598BCB1002A0FAB /* ScoresDetailView.swift */,
				CA9A89B22739DEFE001BBFA8 /* ShareSheet.swift */,
			);
			path = Scores;
			sourceTree = "<group>";
		};
		CAF839CC2704FD20006FAD6B /* Players_Teams */ = {
			isa = PBXGroup;
			children = (
				CA78B72D2596892E00510621 /* TeamListView.swift */,
				CA78B724259648F300510621 /* TeamDetailView.swift */,
				CA78B72A259688C100510621 /* PlayerDetailView.swift */,
			);
			path = Players_Teams;
			sourceTree = "<group>";
		};
		CAF839CD2704FD42006FAD6B /* Standings */ = {
			isa = PBXGroup;
			children = (
				CA0DA056259CAC8E002A0FAB /* StandingsView.swift */,
				CACA4291284642DF008F21FF /* ClubStandingsRow.swift */,
				CAE7740D26C292F900A57F66 /* StandingsTableView.swift */,
			);
			path = Standings;
			sourceTree = "<group>";
		};
		CAF839CE2704FD75006FAD6B /* News */ = {
			isa = PBXGroup;
			children = (
				CABF7C0A2593627900B95813 /* NewsView.swift */,
				CA78B7272596880200510621 /* NewsDetailView.swift */,
				CA56299426943C0D00274BE4 /* WebArticleView.swift */,
			);
			path = News;
			sourceTree = "<group>";
		};
		CAFDC20025C0BC63000A5922 /* Models */ = {
			isa = PBXGroup;
			children = (
				CA0A95B425BF704C00A7C7C3 /* BSMGameScore.swift */,
				CA28D66D27A0601B00680067 /* BSMLeagueGroup.swift */,
				CAE7740B26C1709B00A57F66 /* BSMStandingsTable.swift */,
				CAFDC1FC25BF7F09000A5922 /* ModelData.swift */,
				CA1722E027542DBE00E8BF36 /* PlayerModel.swift */,
				CA1CB20A27567E870007D24E /* BSMTeam.swift */,
			);
			path = Models;
			sourceTree = "<group>";
		};
		CAFDC20225C0BC77000A5922 /* Views */ = {
			isa = PBXGroup;
			children = (
				CABF7BF0259351D400B95813 /* ContentView.swift */,
				CA1C3A1F27388BF300BB194C /* SidebarNavigationView.swift */,
				CA6F9E8327B2A9EE00530629 /* UserOnboardingView.swift */,
				CA97EAB7272370F5003055B6 /* Home_Dashboard */,
				CAF839CE2704FD75006FAD6B /* News */,
				CAF839CB2704FCC2006FAD6B /* Scores */,
				CAF839CC2704FD20006FAD6B /* Players_Teams */,
				CAF839CD2704FD42006FAD6B /* Standings */,
				CA1E036C281ACC7A00E2FF8F /* Settings */,
				CAF839CF2705F4D9006FAD6B /* TestView.swift */,
			);
			path = Views;
			sourceTree = "<group>";
		};
/* End PBXGroup section */

/* Begin PBXNativeTarget section */
		CA1C39A32731856B00BB194C /* WatchSkylarks */ = {
			isa = PBXNativeTarget;
			buildConfigurationList = CA1C39E62731856C00BB194C /* Build configuration list for PBXNativeTarget "WatchSkylarks" */;
			buildPhases = (
				CA1C39A22731856B00BB194C /* Resources */,
				CA1C39DE2731856C00BB194C /* Embed App Extensions */,
			);
			buildRules = (
			);
			dependencies = (
				CA1C39AF2731856B00BB194C /* PBXTargetDependency */,
			);
			name = WatchSkylarks;
			productName = WatchSkylarks;
			productReference = CA1C39A42731856B00BB194C /* Skylarks.app */;
			productType = "com.apple.product-type.application.watchapp2";
		};
		CA1C39AB2731856B00BB194C /* WatchSkylarks WatchKit Extension */ = {
			isa = PBXNativeTarget;
			buildConfigurationList = CA1C39E52731856C00BB194C /* Build configuration list for PBXNativeTarget "WatchSkylarks WatchKit Extension" */;
			buildPhases = (
				CA1C39A82731856B00BB194C /* Sources */,
				CA1C39A92731856B00BB194C /* Frameworks */,
				CA1C39AA2731856B00BB194C /* Resources */,
			);
			buildRules = (
			);
			dependencies = (
			);
			name = "WatchSkylarks WatchKit Extension";
			productName = "WatchSkylarks WatchKit Extension";
			productReference = CA1C39AC2731856B00BB194C /* WatchSkylarks WatchKit Extension.appex */;
			productType = "com.apple.product-type.watchkit2-extension";
		};
		CA1C39C52731856C00BB194C /* WatchSkylarksTests */ = {
			isa = PBXNativeTarget;
			buildConfigurationList = CA1C39E72731856C00BB194C /* Build configuration list for PBXNativeTarget "WatchSkylarksTests" */;
			buildPhases = (
				CA1C39C22731856C00BB194C /* Sources */,
				CA1C39C32731856C00BB194C /* Frameworks */,
				CA1C39C42731856C00BB194C /* Resources */,
			);
			buildRules = (
			);
			dependencies = (
				CA1C39C82731856C00BB194C /* PBXTargetDependency */,
			);
			name = WatchSkylarksTests;
			productName = WatchSkylarksTests;
			productReference = CA1C39C62731856C00BB194C /* WatchSkylarksTests.xctest */;
			productType = "com.apple.product-type.bundle.unit-test";
		};
		CA1C39CF2731856C00BB194C /* WatchSkylarksUITests */ = {
			isa = PBXNativeTarget;
			buildConfigurationList = CA1C39E82731856C00BB194C /* Build configuration list for PBXNativeTarget "WatchSkylarksUITests" */;
			buildPhases = (
				CA1C39CC2731856C00BB194C /* Sources */,
				CA1C39CD2731856C00BB194C /* Frameworks */,
				CA1C39CE2731856C00BB194C /* Resources */,
			);
			buildRules = (
			);
			dependencies = (
				CA1C39D22731856C00BB194C /* PBXTargetDependency */,
			);
			name = WatchSkylarksUITests;
			productName = WatchSkylarksUITests;
			productReference = CA1C39D02731856C00BB194C /* WatchSkylarksUITests.xctest */;
			productType = "com.apple.product-type.bundle.ui-testing";
		};
		CA65FF4327F5EC4400F7845D /* Skylarks Intents */ = {
			isa = PBXNativeTarget;
			buildConfigurationList = CA65FF6427F5EC4400F7845D /* Build configuration list for PBXNativeTarget "Skylarks Intents" */;
			buildPhases = (
				CA65FF4027F5EC4400F7845D /* Sources */,
				CA65FF4127F5EC4400F7845D /* Frameworks */,
				CA65FF4227F5EC4400F7845D /* Resources */,
			);
			buildRules = (
			);
			dependencies = (
			);
			name = "Skylarks Intents";
			productName = "Skylarks Intents";
			productReference = CA65FF4427F5EC4400F7845D /* Skylarks Intents.appex */;
			productType = "com.apple.product-type.app-extension";
		};
		CABF7BEA259351D400B95813 /* Berlin Skylarks */ = {
			isa = PBXNativeTarget;
			buildConfigurationList = CABF7BFF259351D500B95813 /* Build configuration list for PBXNativeTarget "Berlin Skylarks" */;
			buildPhases = (
				CABF7BE7259351D400B95813 /* Sources */,
				CABF7BE8259351D400B95813 /* Frameworks */,
				CABF7BE9259351D400B95813 /* Resources */,
				CA1C39DB2731856C00BB194C /* Embed Watch Content */,
				CAE134932771F2E100DFA745 /* Embed App Extensions */,
			);
			buildRules = (
			);
			dependencies = (
				CA1C39D92731856C00BB194C /* PBXTargetDependency */,
				CAE134902771F2E100DFA745 /* PBXTargetDependency */,
				CA65FF5E27F5EC4400F7845D /* PBXTargetDependency */,
			);
			name = "Berlin Skylarks";
			productName = "Berlin Skylarks";
			productReference = CABF7BEB259351D400B95813 /* Berlin Skylarks.app */;
			productType = "com.apple.product-type.application";
		};
		CAE1347F2771F2DF00DFA745 /* WidgetSkylarksExtension */ = {
			isa = PBXNativeTarget;
			buildConfigurationList = CAE134962771F2E100DFA745 /* Build configuration list for PBXNativeTarget "WidgetSkylarksExtension" */;
			buildPhases = (
				CAE1347C2771F2DF00DFA745 /* Sources */,
				CAE1347D2771F2DF00DFA745 /* Frameworks */,
				CAE1347E2771F2DF00DFA745 /* Resources */,
			);
			buildRules = (
			);
			dependencies = (
			);
			name = WidgetSkylarksExtension;
			productName = WidgetSkylarksExtension;
			productReference = CAE134802771F2DF00DFA745 /* WidgetSkylarksExtension.appex */;
			productType = "com.apple.product-type.app-extension";
		};
/* End PBXNativeTarget section */

/* Begin PBXProject section */
		CABF7BE3259351D400B95813 /* Project object */ = {
			isa = PBXProject;
			attributes = {
				LastSwiftUpdateCheck = 1330;
				LastUpgradeCheck = 1230;
				TargetAttributes = {
					CA1C39A32731856B00BB194C = {
						CreatedOnToolsVersion = 13.1;
					};
					CA1C39AB2731856B00BB194C = {
						CreatedOnToolsVersion = 13.1;
					};
					CA1C39C52731856C00BB194C = {
						CreatedOnToolsVersion = 13.1;
						TestTargetID = CA1C39AB2731856B00BB194C;
					};
					CA1C39CF2731856C00BB194C = {
						CreatedOnToolsVersion = 13.1;
						TestTargetID = CA1C39A32731856B00BB194C;
					};
					CA65FF4327F5EC4400F7845D = {
						CreatedOnToolsVersion = 13.3;
					};
					CABF7BEA259351D400B95813 = {
						CreatedOnToolsVersion = 12.3;
					};
					CAE1347F2771F2DF00DFA745 = {
						CreatedOnToolsVersion = 13.2.1;
					};
				};
			};
			buildConfigurationList = CABF7BE6259351D400B95813 /* Build configuration list for PBXProject "Berlin Skylarks" */;
			compatibilityVersion = "Xcode 12.0";
			developmentRegion = en;
			hasScannedForEncodings = 0;
			knownRegions = (
				en,
				Base,
			);
			mainGroup = CABF7BE2259351D400B95813;
			productRefGroup = CABF7BEC259351D400B95813 /* Products */;
			projectDirPath = "";
			projectRoot = "";
			targets = (
				CABF7BEA259351D400B95813 /* Berlin Skylarks */,
				CA1C39A32731856B00BB194C /* WatchSkylarks */,
				CA1C39AB2731856B00BB194C /* WatchSkylarks WatchKit Extension */,
				CA1C39C52731856C00BB194C /* WatchSkylarksTests */,
				CA1C39CF2731856C00BB194C /* WatchSkylarksUITests */,
				CAE1347F2771F2DF00DFA745 /* WidgetSkylarksExtension */,
				CA65FF4327F5EC4400F7845D /* Skylarks Intents */,
			);
		};
/* End PBXProject section */

/* Begin PBXResourcesBuildPhase section */
		CA1C39A22731856B00BB194C /* Resources */ = {
			isa = PBXResourcesBuildPhase;
			buildActionMask = 2147483647;
			files = (
				CAAB4024277B7C5700F45C7A /* VLBB_2021_Standings.json in Resources */,
				CAAB4025277B7C5B00F45C7A /* BSM_Games_2020_human_readable.json in Resources */,
				CA1C39A72731856B00BB194C /* Assets.xcassets in Resources */,
			);
			runOnlyForDeploymentPostprocessing = 0;
		};
		CA1C39AA2731856B00BB194C /* Resources */ = {
			isa = PBXResourcesBuildPhase;
			buildActionMask = 2147483647;
			files = (
				CA1CB212275D15BA0007D24E /* README.md in Resources */,
				CA1C39BF2731856C00BB194C /* Preview Assets.xcassets in Resources */,
				CA1C39EB2731875800BB194C /* VLBB_2021_Standings.json in Resources */,
				CA1C39EC2731875800BB194C /* Assets.xcassets in Resources */,
				CA1C39BC2731856C00BB194C /* Assets.xcassets in Resources */,
				CA1C39ED2731875800BB194C /* BSM_Games_2020_human_readable.json in Resources */,
			);
			runOnlyForDeploymentPostprocessing = 0;
		};
		CA1C39C42731856C00BB194C /* Resources */ = {
			isa = PBXResourcesBuildPhase;
			buildActionMask = 2147483647;
			files = (
			);
			runOnlyForDeploymentPostprocessing = 0;
		};
		CA1C39CE2731856C00BB194C /* Resources */ = {
			isa = PBXResourcesBuildPhase;
			buildActionMask = 2147483647;
			files = (
			);
			runOnlyForDeploymentPostprocessing = 0;
		};
		CA65FF4227F5EC4400F7845D /* Resources */ = {
			isa = PBXResourcesBuildPhase;
			buildActionMask = 2147483647;
			files = (
			);
			runOnlyForDeploymentPostprocessing = 0;
		};
		CABF7BE9259351D400B95813 /* Resources */ = {
			isa = PBXResourcesBuildPhase;
			buildActionMask = 2147483647;
			files = (
				CA60E399282D3DCE00660729 /* Launch Screen.storyboard in Resources */,
				CABF7BF6259351D500B95813 /* Preview Assets.xcassets in Resources */,
				CA0DA053259A46FA002A0FAB /* BSM_Games_2020_human_readable.json in Resources */,
				CA1CB211275D15BA0007D24E /* README.md in Resources */,
				CABF7BF3259351D500B95813 /* Assets.xcassets in Resources */,
				CAE7740A26C1702900A57F66 /* VLBB_2021_Standings.json in Resources */,
			);
			runOnlyForDeploymentPostprocessing = 0;
		};
		CAE1347E2771F2DF00DFA745 /* Resources */ = {
			isa = PBXResourcesBuildPhase;
			buildActionMask = 2147483647;
			files = (
				CAAB4022277B7C4B00F45C7A /* VLBB_2021_Standings.json in Resources */,
				CA48557B277383D5004ED11A /* Assets.xcassets in Resources */,
				CAAB4021277B7C4800F45C7A /* BSM_Games_2020_human_readable.json in Resources */,
				CAE1348B2771F2E100DFA745 /* Assets.xcassets in Resources */,
			);
			runOnlyForDeploymentPostprocessing = 0;
		};
/* End PBXResourcesBuildPhase section */

/* Begin PBXSourcesBuildPhase section */
		CA1C39A82731856B00BB194C /* Sources */ = {
			isa = PBXSourcesBuildPhase;
			buildActionMask = 2147483647;
			files = (
				CA1E0361281994F000E2FF8F /* UserDashboard.swift in Sources */,
				CA1E0364281994FE00E2FF8F /* GameData.swift in Sources */,
				CA1C39B62731856B00BB194C /* NotificationController.swift in Sources */,
				CA9B1815277A299700D24CFA /* ScoresDetailView.swift in Sources */,
				CA1C3A172733473100BB194C /* watchOS_globals.swift in Sources */,
				CA9A89B12739B193001BBFA8 /* SettingsListView.swift in Sources */,
				CAD42719280BF1C3001CA68A /* ColorSets.swift in Sources */,
				CA1C39F02731875800BB194C /* ModelData.swift in Sources */,
				CA1C3A0B2733407400BB194C /* Ints_Floats.swift in Sources */,
				CA1C3A132733444400BB194C /* InfoView.swift in Sources */,
				CA1C39F827318C6D00BB194C /* Berlin_SkylarksApp.swift in Sources */,
				CA283D0D279D849000271DC1 /* StandingsTableView.swift in Sources */,
				CA28D66F27A0601B00680067 /* BSMLeagueGroup.swift in Sources */,
				CA6042A22745B14000607011 /* ViewModifiers.swift in Sources */,
				CACA42932846437F008F21FF /* ClubStandingsRow.swift in Sources */,
				CA1722E227542DBE00E8BF36 /* PlayerModel.swift in Sources */,
				CA1E0372281AD4D100E2FF8F /* PrivacyPolicyView.swift in Sources */,
				CA1C39BA2731856B00BB194C /* ComplicationController.swift in Sources */,
				CA9B1816277A299D00D24CFA /* GlobalFunctions.swift in Sources */,
				CA1E03692819ABAA00E2FF8F /* TeamImageData.swift in Sources */,
				CA1E036F281ACC9D00E2FF8F /* LegalNoticeView.swift in Sources */,
				CAF98F98282A972D00451946 /* UserOnboardingView.swift in Sources */,
				CA9B1814277A299400D24CFA /* ScoresOverView.swift in Sources */,
				CA65FF3F27F5E60C00F7845D /* TeamListView.swift in Sources */,
				CA1C39B82731856B00BB194C /* NotificationView.swift in Sources */,
				CA9B180E277A27FA00D24CFA /* ContentView.swift in Sources */,
				CA65FF3E27EA14E700F7845D /* TeamDetailView.swift in Sources */,
				CA1CB20C27567E870007D24E /* BSMTeam.swift in Sources */,
				CA1C39EA2731875800BB194C /* BSMGameScore.swift in Sources */,
				CA283D0E279D953500271DC1 /* StandingsView.swift in Sources */,
				CA9B1813277A290900D24CFA /* ScoresView.swift in Sources */,
				CA1C3A0E273340C000BB194C /* BSM_URL_Data.swift in Sources */,
				CA55F6E227601E350032302F /* API_Key.swift in Sources */,
				CA283D0F279DD56800271DC1 /* UserHomeView.swift in Sources */,
				CA1C39EE2731875800BB194C /* BSMStandingsTable.swift in Sources */,
			);
			runOnlyForDeploymentPostprocessing = 0;
		};
		CA1C39C22731856C00BB194C /* Sources */ = {
			isa = PBXSourcesBuildPhase;
			buildActionMask = 2147483647;
			files = (
				CA1C39CB2731856C00BB194C /* WatchSkylarksTests.swift in Sources */,
			);
			runOnlyForDeploymentPostprocessing = 0;
		};
		CA1C39CC2731856C00BB194C /* Sources */ = {
			isa = PBXSourcesBuildPhase;
			buildActionMask = 2147483647;
			files = (
				CA1C39D72731856C00BB194C /* WatchSkylarksUITestsLaunchTests.swift in Sources */,
				CA1C39D52731856C00BB194C /* WatchSkylarksUITests.swift in Sources */,
			);
			runOnlyForDeploymentPostprocessing = 0;
		};
		CA65FF4027F5EC4400F7845D /* Sources */ = {
			isa = PBXSourcesBuildPhase;
			buildActionMask = 2147483647;
			files = (
				CA65FF6A27F5F1D600F7845D /* ViewModifiers.swift in Sources */,
				CA65FF6727F5ECF000F7845D /* WidgetSkylarks.intentdefinition in Sources */,
				CA65FF6E27F882AA00F7845D /* BSMTeam.swift in Sources */,
				CA65FF7227FF271900F7845D /* ModelData.swift in Sources */,
				CA65FF6B27F5F1DA00F7845D /* BSM_URL_Data.swift in Sources */,
				CA65FF6827F5F1A800F7845D /* GlobalFunctions.swift in Sources */,
				CA65FF7327FF271C00F7845D /* PlayerModel.swift in Sources */,
				CA65FF7027FF271000F7845D /* BSMLeagueGroup.swift in Sources */,
				CA65FF6927F5F1C600F7845D /* API_Key.swift in Sources */,
				CA1E0363281994FA00E2FF8F /* UserDashboard.swift in Sources */,
				CA65FF6F27F882BF00F7845D /* BSMGameScore.swift in Sources */,
				CA65FF6C27F5F1E300F7845D /* Ints_Floats.swift in Sources */,
				CA65FF4927F5EC4400F7845D /* IntentHandler.swift in Sources */,
				CA1E036B2819ABAA00E2FF8F /* TeamImageData.swift in Sources */,
				CA1E0366281994FF00E2FF8F /* GameData.swift in Sources */,
				CAC49351280850C0009677C7 /* WidgetPreviewData.swift in Sources */,
				CA65FF7127FF271600F7845D /* BSMStandingsTable.swift in Sources */,
			);
			runOnlyForDeploymentPostprocessing = 0;
		};
		CABF7BE7259351D400B95813 /* Sources */ = {
			isa = PBXSourcesBuildPhase;
			buildActionMask = 2147483647;
			files = (
				CA1CB20B27567E870007D24E /* BSMTeam.swift in Sources */,
				CACA4286283C26CF008F21FF /* SegmentChart.swift in Sources */,
				CA28D66E27A0601B00680067 /* BSMLeagueGroup.swift in Sources */,
				CA1722E127542DBE00E8BF36 /* PlayerModel.swift in Sources */,
				CABF7BF8259351D500B95813 /* Persistence.swift in Sources */,
				CA6F9E8427B2A9EE00530629 /* UserOnboardingView.swift in Sources */,
				CA1E03682819ABAA00E2FF8F /* TeamImageData.swift in Sources */,
				CAAB56C527208A9200ADDE9D /* UserHomeView.swift in Sources */,
				CABF7BF1259351D400B95813 /* ContentView.swift in Sources */,
				CA1E036E281ACC9D00E2FF8F /* LegalNoticeView.swift in Sources */,
				CAF839D02705F4D9006FAD6B /* TestView.swift in Sources */,
				CA78B7282596880200510621 /* NewsDetailView.swift in Sources */,
				CA6042A12745B14000607011 /* ViewModifiers.swift in Sources */,
				CA0DA04225974EAD002A0FAB /* ScoresView.swift in Sources */,
				CACA4292284642DF008F21FF /* ClubStandingsRow.swift in Sources */,
				CA0DA057259CAC8E002A0FAB /* StandingsView.swift in Sources */,
				CA48557D27748A9E004ED11A /* GamedayWidgetView.swift in Sources */,
				CA0A95B525BF704C00A7C7C3 /* BSMGameScore.swift in Sources */,
				CABF7BEF259351D400B95813 /* Berlin_SkylarksApp.swift in Sources */,
				CA0DA0482598BCB1002A0FAB /* ScoresDetailView.swift in Sources */,
				CACA4288283C2D47008F21FF /* ChartElement.swift in Sources */,
				CA1C3A0D273340C000BB194C /* BSM_URL_Data.swift in Sources */,
				CABF7C0B2593627900B95813 /* NewsView.swift in Sources */,
				CA78B71C259507BC00510621 /* ColorSets.swift in Sources */,
				CA78B725259648F300510621 /* TeamDetailView.swift in Sources */,
				CA1C3A2027388BF300BB194C /* SidebarNavigationView.swift in Sources */,
				CACA428C283D60C8008F21FF /* StreakBar.swift in Sources */,
				CA1E0360281994EA00E2FF8F /* GameData.swift in Sources */,
				CACA428E283D60EB008F21FF /* StreakEmoji.swift in Sources */,
				CA1E035E2819949A00E2FF8F /* UserDashboard.swift in Sources */,
				CAE7740C26C1709B00A57F66 /* BSMStandingsTable.swift in Sources */,
				CAAB56C3271F62F800ADDE9D /* GlobalFunctions.swift in Sources */,
				CA28FB90280DDDC6007581FD /* HomeTeamDetailView.swift in Sources */,
				CA56299526943C0D00274BE4 /* WebArticleView.swift in Sources */,
				CA55F6E127601A4F0032302F /* API_Key.swift in Sources */,
				CA78B72E2596892E00510621 /* TeamListView.swift in Sources */,
				CACA4284283C25E3008F21FF /* SegmentPercentage.swift in Sources */,
				CA0DA0452598BB32002A0FAB /* ScoresOverView.swift in Sources */,
				CAE1348E2771F2E100DFA745 /* WidgetSkylarks.intentdefinition in Sources */,
				CA78B72B259688C100510621 /* PlayerDetailView.swift in Sources */,
				CA1C3A0A2733407400BB194C /* Ints_Floats.swift in Sources */,
				CAFDC1FD25BF7F09000A5922 /* ModelData.swift in Sources */,
				CABF7BFB259351D500B95813 /* Berlin_Skylarks.xcdatamodeld in Sources */,
				CA1E0371281AD4D100E2FF8F /* PrivacyPolicyView.swift in Sources */,
				CAE7740E26C292F900A57F66 /* StandingsTableView.swift in Sources */,
				CA0DA04E2598F570002A0FAB /* InfoView.swift in Sources */,
				CACA428A283D03FA008F21FF /* SegmentStreak.swift in Sources */,
				CAD4271C280DB10B001CA68A /* ScoresOverViewFull.swift in Sources */,
				CA0DA04B2598F449002A0FAB /* SettingsListView.swift in Sources */,
				CA9A89B32739DEFE001BBFA8 /* ShareSheet.swift in Sources */,
			);
			runOnlyForDeploymentPostprocessing = 0;
		};
		CAE1347C2771F2DF00DFA745 /* Sources */ = {
			isa = PBXSourcesBuildPhase;
			buildActionMask = 2147483647;
			files = (
				CAE1348D2771F2E100DFA745 /* WidgetSkylarks.intentdefinition in Sources */,
				CA28D67027A0601B00680067 /* BSMLeagueGroup.swift in Sources */,
				CAC49350280850C0009677C7 /* WidgetPreviewData.swift in Sources */,
				CAE134882771F2E000DFA745 /* WidgetSkylarks.swift in Sources */,
				CAD4271A280BF1C6001CA68A /* ColorSets.swift in Sources */,
				CA9B1810277A289000D24CFA /* BSM_URL_Data.swift in Sources */,
				CA1E036A2819ABAA00E2FF8F /* TeamImageData.swift in Sources */,
				CAC044A327749D3400AD9888 /* BSMTeam.swift in Sources */,
				CA9B180F277A288900D24CFA /* Ints_Floats.swift in Sources */,
				CAC044A227749D3100AD9888 /* PlayerModel.swift in Sources */,
				CAC0449F27749D1C00AD9888 /* ModelData.swift in Sources */,
				CAF062E32774C28400B7A0B2 /* FavoriteTeamWidgetView.swift in Sources */,
				CA1E0365281994FE00E2FF8F /* GameData.swift in Sources */,
				CA48557E27748A9E004ED11A /* GamedayWidgetView.swift in Sources */,
				CA9B1811277A289E00D24CFA /* API_Key.swift in Sources */,
				CA48558127748DEE004ED11A /* ViewModifiers.swift in Sources */,
				CAC044A027749D2C00AD9888 /* BSMGameScore.swift in Sources */,
				CA1E0362281994F400E2FF8F /* UserDashboard.swift in Sources */,
				CA9B1817277A299F00D24CFA /* GlobalFunctions.swift in Sources */,
				CAC044A127749D2F00AD9888 /* BSMStandingsTable.swift in Sources */,
			);
			runOnlyForDeploymentPostprocessing = 0;
		};
/* End PBXSourcesBuildPhase section */

/* Begin PBXTargetDependency section */
		CA1C39AF2731856B00BB194C /* PBXTargetDependency */ = {
			isa = PBXTargetDependency;
			target = CA1C39AB2731856B00BB194C /* WatchSkylarks WatchKit Extension */;
			targetProxy = CA1C39AE2731856B00BB194C /* PBXContainerItemProxy */;
		};
		CA1C39C82731856C00BB194C /* PBXTargetDependency */ = {
			isa = PBXTargetDependency;
			target = CA1C39AB2731856B00BB194C /* WatchSkylarks WatchKit Extension */;
			targetProxy = CA1C39C72731856C00BB194C /* PBXContainerItemProxy */;
		};
		CA1C39D22731856C00BB194C /* PBXTargetDependency */ = {
			isa = PBXTargetDependency;
			target = CA1C39A32731856B00BB194C /* WatchSkylarks */;
			targetProxy = CA1C39D12731856C00BB194C /* PBXContainerItemProxy */;
		};
		CA1C39D92731856C00BB194C /* PBXTargetDependency */ = {
			isa = PBXTargetDependency;
			platformFilter = ios;
			target = CA1C39A32731856B00BB194C /* WatchSkylarks */;
			targetProxy = CA1C39D82731856C00BB194C /* PBXContainerItemProxy */;
		};
		CA65FF5E27F5EC4400F7845D /* PBXTargetDependency */ = {
			isa = PBXTargetDependency;
			target = CA65FF4327F5EC4400F7845D /* Skylarks Intents */;
			targetProxy = CA65FF5D27F5EC4400F7845D /* PBXContainerItemProxy */;
		};
		CAE134902771F2E100DFA745 /* PBXTargetDependency */ = {
			isa = PBXTargetDependency;
			target = CAE1347F2771F2DF00DFA745 /* WidgetSkylarksExtension */;
			targetProxy = CAE1348F2771F2E100DFA745 /* PBXContainerItemProxy */;
		};
/* End PBXTargetDependency section */

/* Begin PBXVariantGroup section */
		CA65FF5527F5EC4400F7845D /* MainInterface.storyboard */ = {
			isa = PBXVariantGroup;
			children = (
				CA65FF5627F5EC4400F7845D /* Base */,
			);
			name = MainInterface.storyboard;
			sourceTree = "<group>";
		};
/* End PBXVariantGroup section */

/* Begin XCBuildConfiguration section */
		CA1C39DC2731856C00BB194C /* Debug */ = {
			isa = XCBuildConfiguration;
			buildSettings = {
				ALWAYS_EMBED_SWIFT_STANDARD_LIBRARIES = YES;
				ASSETCATALOG_COMPILER_APPICON_NAME = AppIcon;
				ASSETCATALOG_COMPILER_GLOBAL_ACCENT_COLOR_NAME = AccentColor;
				ASSETCATALOG_COMPILER_INCLUDE_ALL_APPICON_ASSETS = NO;
				CLANG_CXX_LANGUAGE_STANDARD = "gnu++17";
				CODE_SIGN_IDENTITY = "Apple Development";
				CODE_SIGN_STYLE = Automatic;
				CURRENT_PROJECT_VERSION = 1;
				DEVELOPMENT_TEAM = 5KD4MUBZ2T;
				GENERATE_INFOPLIST_FILE = YES;
				IBSC_MODULE = WatchSkylarks_WatchKit_Extension;
				INFOPLIST_KEY_UISupportedInterfaceOrientations = "UIInterfaceOrientationPortrait UIInterfaceOrientationPortraitUpsideDown";
				INFOPLIST_KEY_WKCompanionAppBundleIdentifier = "de.davidbattefeld.berlinskylarks.Berlin-Skylarks";
				MARKETING_VERSION = 1.0;
				PRODUCT_BUNDLE_IDENTIFIER = "de.davidbattefeld.berlinskylarks.Berlin-Skylarks.watchkitapp";
				PRODUCT_NAME = Skylarks;
				PROVISIONING_PROFILE_SPECIFIER = "";
				SDKROOT = watchos;
				SKIP_INSTALL = YES;
				SWIFT_EMIT_LOC_STRINGS = YES;
				SWIFT_VERSION = 5.0;
				TARGETED_DEVICE_FAMILY = 4;
				WATCHOS_DEPLOYMENT_TARGET = 8.0;
			};
			name = Debug;
		};
		CA1C39DD2731856C00BB194C /* Release */ = {
			isa = XCBuildConfiguration;
			buildSettings = {
				ALWAYS_EMBED_SWIFT_STANDARD_LIBRARIES = YES;
				ASSETCATALOG_COMPILER_APPICON_NAME = AppIcon;
				ASSETCATALOG_COMPILER_GLOBAL_ACCENT_COLOR_NAME = AccentColor;
				ASSETCATALOG_COMPILER_INCLUDE_ALL_APPICON_ASSETS = NO;
				CLANG_CXX_LANGUAGE_STANDARD = "gnu++17";
				CODE_SIGN_IDENTITY = "Apple Development";
				CODE_SIGN_STYLE = Automatic;
				CURRENT_PROJECT_VERSION = 1;
				DEVELOPMENT_TEAM = 5KD4MUBZ2T;
				GENERATE_INFOPLIST_FILE = YES;
				IBSC_MODULE = WatchSkylarks_WatchKit_Extension;
				INFOPLIST_KEY_UISupportedInterfaceOrientations = "UIInterfaceOrientationPortrait UIInterfaceOrientationPortraitUpsideDown";
				INFOPLIST_KEY_WKCompanionAppBundleIdentifier = "de.davidbattefeld.berlinskylarks.Berlin-Skylarks";
				MARKETING_VERSION = 1.0;
				PRODUCT_BUNDLE_IDENTIFIER = "de.davidbattefeld.berlinskylarks.Berlin-Skylarks.watchkitapp";
				PRODUCT_NAME = Skylarks;
				PROVISIONING_PROFILE_SPECIFIER = "";
				SDKROOT = watchos;
				SKIP_INSTALL = YES;
				SWIFT_EMIT_LOC_STRINGS = YES;
				SWIFT_VERSION = 5.0;
				TARGETED_DEVICE_FAMILY = 4;
				WATCHOS_DEPLOYMENT_TARGET = 8.0;
			};
			name = Release;
		};
		CA1C39DF2731856C00BB194C /* Debug */ = {
			isa = XCBuildConfiguration;
			buildSettings = {
				ASSETCATALOG_COMPILER_COMPLICATION_NAME = Complication;
				CLANG_CXX_LANGUAGE_STANDARD = "gnu++17";
				CODE_SIGN_STYLE = Automatic;
				CURRENT_PROJECT_VERSION = 1;
				DEVELOPMENT_ASSET_PATHS = "\"WatchSkylarks WatchKit Extension/Preview Content\"";
				DEVELOPMENT_TEAM = 5KD4MUBZ2T;
				ENABLE_PREVIEWS = YES;
				GENERATE_INFOPLIST_FILE = YES;
				INFOPLIST_FILE = "WatchSkylarks WatchKit Extension/Info.plist";
				INFOPLIST_KEY_CFBundleDisplayName = "Skylarks WatchKit Extension";
				INFOPLIST_KEY_CLKComplicationPrincipalClass = ComplicationController;
				INFOPLIST_KEY_NSCalendarsUsageDescription = "The Skylarks app needs access to your calendar to add game dates to it.";
				INFOPLIST_KEY_NSHumanReadableCopyright = "";
				INFOPLIST_KEY_WKRunsIndependentlyOfCompanionApp = YES;
				LD_RUNPATH_SEARCH_PATHS = (
					"$(inherited)",
					"@executable_path/Frameworks",
					"@executable_path/../../Frameworks",
				);
				MARKETING_VERSION = 1.0;
				PRODUCT_BUNDLE_IDENTIFIER = "de.davidbattefeld.berlinskylarks.Berlin-Skylarks.watchkitapp.watchkitextension";
				PRODUCT_NAME = "${TARGET_NAME}";
				SDKROOT = watchos;
				SKIP_INSTALL = YES;
				SWIFT_EMIT_LOC_STRINGS = YES;
				SWIFT_VERSION = 5.0;
				TARGETED_DEVICE_FAMILY = 4;
				WATCHOS_DEPLOYMENT_TARGET = 8.0;
			};
			name = Debug;
		};
		CA1C39E02731856C00BB194C /* Release */ = {
			isa = XCBuildConfiguration;
			buildSettings = {
				ASSETCATALOG_COMPILER_COMPLICATION_NAME = Complication;
				CLANG_CXX_LANGUAGE_STANDARD = "gnu++17";
				CODE_SIGN_STYLE = Automatic;
				CURRENT_PROJECT_VERSION = 1;
				DEVELOPMENT_ASSET_PATHS = "\"WatchSkylarks WatchKit Extension/Preview Content\"";
				DEVELOPMENT_TEAM = 5KD4MUBZ2T;
				ENABLE_PREVIEWS = YES;
				GENERATE_INFOPLIST_FILE = YES;
				INFOPLIST_FILE = "WatchSkylarks WatchKit Extension/Info.plist";
				INFOPLIST_KEY_CFBundleDisplayName = "Skylarks WatchKit Extension";
				INFOPLIST_KEY_CLKComplicationPrincipalClass = ComplicationController;
				INFOPLIST_KEY_NSCalendarsUsageDescription = "The Skylarks app needs access to your calendar to add game dates to it.";
				INFOPLIST_KEY_NSHumanReadableCopyright = "";
				INFOPLIST_KEY_WKRunsIndependentlyOfCompanionApp = YES;
				LD_RUNPATH_SEARCH_PATHS = (
					"$(inherited)",
					"@executable_path/Frameworks",
					"@executable_path/../../Frameworks",
				);
				MARKETING_VERSION = 1.0;
				PRODUCT_BUNDLE_IDENTIFIER = "de.davidbattefeld.berlinskylarks.Berlin-Skylarks.watchkitapp.watchkitextension";
				PRODUCT_NAME = "${TARGET_NAME}";
				SDKROOT = watchos;
				SKIP_INSTALL = YES;
				SWIFT_EMIT_LOC_STRINGS = YES;
				SWIFT_VERSION = 5.0;
				TARGETED_DEVICE_FAMILY = 4;
				WATCHOS_DEPLOYMENT_TARGET = 8.0;
			};
			name = Release;
		};
		CA1C39E12731856C00BB194C /* Debug */ = {
			isa = XCBuildConfiguration;
			buildSettings = {
				ALWAYS_EMBED_SWIFT_STANDARD_LIBRARIES = YES;
				BUNDLE_LOADER = "$(TEST_HOST)";
				CLANG_CXX_LANGUAGE_STANDARD = "gnu++17";
				CODE_SIGN_STYLE = Automatic;
				CURRENT_PROJECT_VERSION = 1;
				DEVELOPMENT_TEAM = 5KD4MUBZ2T;
				GENERATE_INFOPLIST_FILE = YES;
				LD_RUNPATH_SEARCH_PATHS = (
					"$(inherited)",
					"@executable_path/Frameworks",
					"@loader_path/Frameworks",
				);
				MARKETING_VERSION = 1.0;
				PRODUCT_BUNDLE_IDENTIFIER = "de.davidbattefeld.berlinskylarks.Berlin-Skylarks.WatchSkylarksTests";
				PRODUCT_NAME = "$(TARGET_NAME)";
				SDKROOT = watchos;
				SWIFT_EMIT_LOC_STRINGS = NO;
				SWIFT_VERSION = 5.0;
				TARGETED_DEVICE_FAMILY = 4;
				TEST_HOST = "$(BUILT_PRODUCTS_DIR)/WatchSkylarks WatchKit Extension.appex/WatchSkylarks WatchKit Extension";
				WATCHOS_DEPLOYMENT_TARGET = 8.0;
			};
			name = Debug;
		};
		CA1C39E22731856C00BB194C /* Release */ = {
			isa = XCBuildConfiguration;
			buildSettings = {
				ALWAYS_EMBED_SWIFT_STANDARD_LIBRARIES = YES;
				BUNDLE_LOADER = "$(TEST_HOST)";
				CLANG_CXX_LANGUAGE_STANDARD = "gnu++17";
				CODE_SIGN_STYLE = Automatic;
				CURRENT_PROJECT_VERSION = 1;
				DEVELOPMENT_TEAM = 5KD4MUBZ2T;
				GENERATE_INFOPLIST_FILE = YES;
				LD_RUNPATH_SEARCH_PATHS = (
					"$(inherited)",
					"@executable_path/Frameworks",
					"@loader_path/Frameworks",
				);
				MARKETING_VERSION = 1.0;
				PRODUCT_BUNDLE_IDENTIFIER = "de.davidbattefeld.berlinskylarks.Berlin-Skylarks.WatchSkylarksTests";
				PRODUCT_NAME = "$(TARGET_NAME)";
				SDKROOT = watchos;
				SWIFT_EMIT_LOC_STRINGS = NO;
				SWIFT_VERSION = 5.0;
				TARGETED_DEVICE_FAMILY = 4;
				TEST_HOST = "$(BUILT_PRODUCTS_DIR)/WatchSkylarks WatchKit Extension.appex/WatchSkylarks WatchKit Extension";
				WATCHOS_DEPLOYMENT_TARGET = 8.0;
			};
			name = Release;
		};
		CA1C39E32731856C00BB194C /* Debug */ = {
			isa = XCBuildConfiguration;
			buildSettings = {
				CLANG_CXX_LANGUAGE_STANDARD = "gnu++17";
				CODE_SIGN_STYLE = Automatic;
				CURRENT_PROJECT_VERSION = 1;
				DEVELOPMENT_TEAM = 5KD4MUBZ2T;
				GENERATE_INFOPLIST_FILE = YES;
				LD_RUNPATH_SEARCH_PATHS = (
					"$(inherited)",
					"@executable_path/Frameworks",
					"@loader_path/Frameworks",
				);
				MARKETING_VERSION = 1.0;
				PRODUCT_BUNDLE_IDENTIFIER = "de.davidbattefeld.berlinskylarks.Berlin-Skylarks.WatchSkylarksUITests";
				PRODUCT_NAME = "$(TARGET_NAME)";
				SDKROOT = watchos;
				SWIFT_EMIT_LOC_STRINGS = NO;
				SWIFT_VERSION = 5.0;
				TARGETED_DEVICE_FAMILY = 4;
				TEST_TARGET_NAME = WatchSkylarks;
				WATCHOS_DEPLOYMENT_TARGET = 8.0;
			};
			name = Debug;
		};
		CA1C39E42731856C00BB194C /* Release */ = {
			isa = XCBuildConfiguration;
			buildSettings = {
				CLANG_CXX_LANGUAGE_STANDARD = "gnu++17";
				CODE_SIGN_STYLE = Automatic;
				CURRENT_PROJECT_VERSION = 1;
				DEVELOPMENT_TEAM = 5KD4MUBZ2T;
				GENERATE_INFOPLIST_FILE = YES;
				LD_RUNPATH_SEARCH_PATHS = (
					"$(inherited)",
					"@executable_path/Frameworks",
					"@loader_path/Frameworks",
				);
				MARKETING_VERSION = 1.0;
				PRODUCT_BUNDLE_IDENTIFIER = "de.davidbattefeld.berlinskylarks.Berlin-Skylarks.WatchSkylarksUITests";
				PRODUCT_NAME = "$(TARGET_NAME)";
				SDKROOT = watchos;
				SWIFT_EMIT_LOC_STRINGS = NO;
				SWIFT_VERSION = 5.0;
				TARGETED_DEVICE_FAMILY = 4;
				TEST_TARGET_NAME = WatchSkylarks;
				WATCHOS_DEPLOYMENT_TARGET = 8.0;
			};
			name = Release;
		};
		CA65FF6527F5EC4400F7845D /* Debug */ = {
			isa = XCBuildConfiguration;
			buildSettings = {
				CLANG_CXX_LANGUAGE_STANDARD = "gnu++17";
				CODE_SIGN_ENTITLEMENTS = "Skylarks Intents/Skylarks Intents.entitlements";
				CODE_SIGN_STYLE = Automatic;
				CURRENT_PROJECT_VERSION = 1;
				DEVELOPMENT_TEAM = 5KD4MUBZ2T;
				GENERATE_INFOPLIST_FILE = YES;
				INFOPLIST_FILE = "Skylarks Intents/Info.plist";
				INFOPLIST_KEY_CFBundleDisplayName = "Skylarks Intents";
				INFOPLIST_KEY_NSHumanReadableCopyright = "";
				IPHONEOS_DEPLOYMENT_TARGET = 15.4;
				LD_RUNPATH_SEARCH_PATHS = (
					"$(inherited)",
					"@executable_path/Frameworks",
					"@executable_path/../../Frameworks",
				);
				MARKETING_VERSION = 1.0;
				PRODUCT_BUNDLE_IDENTIFIER = "de.davidbattefeld.berlinskylarks.Berlin-Skylarks.Skylarks-Intents";
				PRODUCT_NAME = "$(TARGET_NAME)";
				SKIP_INSTALL = YES;
				SUPPORTS_MACCATALYST = YES;
				SWIFT_EMIT_LOC_STRINGS = YES;
				SWIFT_VERSION = 5.0;
				TARGETED_DEVICE_FAMILY = "1,2";
			};
			name = Debug;
		};
		CA65FF6627F5EC4400F7845D /* Release */ = {
			isa = XCBuildConfiguration;
			buildSettings = {
				CLANG_CXX_LANGUAGE_STANDARD = "gnu++17";
				CODE_SIGN_ENTITLEMENTS = "Skylarks Intents/Skylarks Intents.entitlements";
				CODE_SIGN_STYLE = Automatic;
				CURRENT_PROJECT_VERSION = 1;
				DEVELOPMENT_TEAM = 5KD4MUBZ2T;
				GENERATE_INFOPLIST_FILE = YES;
				INFOPLIST_FILE = "Skylarks Intents/Info.plist";
				INFOPLIST_KEY_CFBundleDisplayName = "Skylarks Intents";
				INFOPLIST_KEY_NSHumanReadableCopyright = "";
				IPHONEOS_DEPLOYMENT_TARGET = 15.4;
				LD_RUNPATH_SEARCH_PATHS = (
					"$(inherited)",
					"@executable_path/Frameworks",
					"@executable_path/../../Frameworks",
				);
				MARKETING_VERSION = 1.0;
				PRODUCT_BUNDLE_IDENTIFIER = "de.davidbattefeld.berlinskylarks.Berlin-Skylarks.Skylarks-Intents";
				PRODUCT_NAME = "$(TARGET_NAME)";
				SKIP_INSTALL = YES;
				SUPPORTS_MACCATALYST = YES;
				SWIFT_EMIT_LOC_STRINGS = YES;
				SWIFT_VERSION = 5.0;
				TARGETED_DEVICE_FAMILY = "1,2";
			};
			name = Release;
		};
		CABF7BFD259351D500B95813 /* Debug */ = {
			isa = XCBuildConfiguration;
			buildSettings = {
				ALWAYS_SEARCH_USER_PATHS = NO;
				CLANG_ANALYZER_NONNULL = YES;
				CLANG_ANALYZER_NUMBER_OBJECT_CONVERSION = YES_AGGRESSIVE;
				CLANG_CXX_LANGUAGE_STANDARD = "gnu++14";
				CLANG_CXX_LIBRARY = "libc++";
				CLANG_ENABLE_MODULES = YES;
				CLANG_ENABLE_OBJC_ARC = YES;
				CLANG_ENABLE_OBJC_WEAK = YES;
				CLANG_WARN_BLOCK_CAPTURE_AUTORELEASING = YES;
				CLANG_WARN_BOOL_CONVERSION = YES;
				CLANG_WARN_COMMA = YES;
				CLANG_WARN_CONSTANT_CONVERSION = YES;
				CLANG_WARN_DEPRECATED_OBJC_IMPLEMENTATIONS = YES;
				CLANG_WARN_DIRECT_OBJC_ISA_USAGE = YES_ERROR;
				CLANG_WARN_DOCUMENTATION_COMMENTS = YES;
				CLANG_WARN_EMPTY_BODY = YES;
				CLANG_WARN_ENUM_CONVERSION = YES;
				CLANG_WARN_INFINITE_RECURSION = YES;
				CLANG_WARN_INT_CONVERSION = YES;
				CLANG_WARN_NON_LITERAL_NULL_CONVERSION = YES;
				CLANG_WARN_OBJC_IMPLICIT_RETAIN_SELF = YES;
				CLANG_WARN_OBJC_LITERAL_CONVERSION = YES;
				CLANG_WARN_OBJC_ROOT_CLASS = YES_ERROR;
				CLANG_WARN_QUOTED_INCLUDE_IN_FRAMEWORK_HEADER = YES;
				CLANG_WARN_RANGE_LOOP_ANALYSIS = YES;
				CLANG_WARN_STRICT_PROTOTYPES = YES;
				CLANG_WARN_SUSPICIOUS_MOVE = YES;
				CLANG_WARN_UNGUARDED_AVAILABILITY = YES_AGGRESSIVE;
				CLANG_WARN_UNREACHABLE_CODE = YES;
				CLANG_WARN__DUPLICATE_METHOD_MATCH = YES;
				COPY_PHASE_STRIP = NO;
				DEBUG_INFORMATION_FORMAT = dwarf;
				ENABLE_STRICT_OBJC_MSGSEND = YES;
				ENABLE_TESTABILITY = YES;
				GCC_C_LANGUAGE_STANDARD = gnu11;
				GCC_DYNAMIC_NO_PIC = NO;
				GCC_NO_COMMON_BLOCKS = YES;
				GCC_OPTIMIZATION_LEVEL = 0;
				GCC_PREPROCESSOR_DEFINITIONS = (
					"DEBUG=1",
					"$(inherited)",
				);
				GCC_WARN_64_TO_32_BIT_CONVERSION = YES;
				GCC_WARN_ABOUT_RETURN_TYPE = YES_ERROR;
				GCC_WARN_UNDECLARED_SELECTOR = YES;
				GCC_WARN_UNINITIALIZED_AUTOS = YES_AGGRESSIVE;
				GCC_WARN_UNUSED_FUNCTION = YES;
				GCC_WARN_UNUSED_VARIABLE = YES;
				IPHONEOS_DEPLOYMENT_TARGET = 15.0;
				MTL_ENABLE_DEBUG_INFO = INCLUDE_SOURCE;
				MTL_FAST_MATH = YES;
				ONLY_ACTIVE_ARCH = YES;
				SDKROOT = iphoneos;
				SWIFT_ACTIVE_COMPILATION_CONDITIONS = DEBUG;
				SWIFT_OPTIMIZATION_LEVEL = "-Onone";
				TARGETED_DEVICE_FAMILY = "1,2,6";
			};
			name = Debug;
		};
		CABF7BFE259351D500B95813 /* Release */ = {
			isa = XCBuildConfiguration;
			buildSettings = {
				ALWAYS_SEARCH_USER_PATHS = NO;
				CLANG_ANALYZER_NONNULL = YES;
				CLANG_ANALYZER_NUMBER_OBJECT_CONVERSION = YES_AGGRESSIVE;
				CLANG_CXX_LANGUAGE_STANDARD = "gnu++14";
				CLANG_CXX_LIBRARY = "libc++";
				CLANG_ENABLE_MODULES = YES;
				CLANG_ENABLE_OBJC_ARC = YES;
				CLANG_ENABLE_OBJC_WEAK = YES;
				CLANG_WARN_BLOCK_CAPTURE_AUTORELEASING = YES;
				CLANG_WARN_BOOL_CONVERSION = YES;
				CLANG_WARN_COMMA = YES;
				CLANG_WARN_CONSTANT_CONVERSION = YES;
				CLANG_WARN_DEPRECATED_OBJC_IMPLEMENTATIONS = YES;
				CLANG_WARN_DIRECT_OBJC_ISA_USAGE = YES_ERROR;
				CLANG_WARN_DOCUMENTATION_COMMENTS = YES;
				CLANG_WARN_EMPTY_BODY = YES;
				CLANG_WARN_ENUM_CONVERSION = YES;
				CLANG_WARN_INFINITE_RECURSION = YES;
				CLANG_WARN_INT_CONVERSION = YES;
				CLANG_WARN_NON_LITERAL_NULL_CONVERSION = YES;
				CLANG_WARN_OBJC_IMPLICIT_RETAIN_SELF = YES;
				CLANG_WARN_OBJC_LITERAL_CONVERSION = YES;
				CLANG_WARN_OBJC_ROOT_CLASS = YES_ERROR;
				CLANG_WARN_QUOTED_INCLUDE_IN_FRAMEWORK_HEADER = YES;
				CLANG_WARN_RANGE_LOOP_ANALYSIS = YES;
				CLANG_WARN_STRICT_PROTOTYPES = YES;
				CLANG_WARN_SUSPICIOUS_MOVE = YES;
				CLANG_WARN_UNGUARDED_AVAILABILITY = YES_AGGRESSIVE;
				CLANG_WARN_UNREACHABLE_CODE = YES;
				CLANG_WARN__DUPLICATE_METHOD_MATCH = YES;
				COPY_PHASE_STRIP = NO;
				DEBUG_INFORMATION_FORMAT = "dwarf-with-dsym";
				ENABLE_NS_ASSERTIONS = NO;
				ENABLE_STRICT_OBJC_MSGSEND = YES;
				GCC_C_LANGUAGE_STANDARD = gnu11;
				GCC_NO_COMMON_BLOCKS = YES;
				GCC_WARN_64_TO_32_BIT_CONVERSION = YES;
				GCC_WARN_ABOUT_RETURN_TYPE = YES_ERROR;
				GCC_WARN_UNDECLARED_SELECTOR = YES;
				GCC_WARN_UNINITIALIZED_AUTOS = YES_AGGRESSIVE;
				GCC_WARN_UNUSED_FUNCTION = YES;
				GCC_WARN_UNUSED_VARIABLE = YES;
				IPHONEOS_DEPLOYMENT_TARGET = 15.0;
				MTL_ENABLE_DEBUG_INFO = NO;
				MTL_FAST_MATH = YES;
				SDKROOT = iphoneos;
				SWIFT_COMPILATION_MODE = wholemodule;
				SWIFT_OPTIMIZATION_LEVEL = "-O";
				TARGETED_DEVICE_FAMILY = "1,2,6";
				VALIDATE_PRODUCT = YES;
			};
			name = Release;
		};
		CABF7C00259351D500B95813 /* Debug */ = {
			isa = XCBuildConfiguration;
			buildSettings = {
				ALWAYS_EMBED_SWIFT_STANDARD_LIBRARIES = YES;
				ASSETCATALOG_COMPILER_APPICON_NAME = AppIcon;
				ASSETCATALOG_COMPILER_GLOBAL_ACCENT_COLOR_NAME = AccentColor;
				CODE_SIGN_ENTITLEMENTS = "Berlin Skylarks/Berlin Skylarks.entitlements";
				CODE_SIGN_STYLE = Automatic;
				DEVELOPMENT_ASSET_PATHS = "\"Berlin Skylarks/Preview Content\"";
				DEVELOPMENT_TEAM = 5KD4MUBZ2T;
				ENABLE_PREVIEWS = YES;
				INFOPLIST_FILE = "Berlin Skylarks/Info.plist";
				IPHONEOS_DEPLOYMENT_TARGET = 15.0;
				LD_RUNPATH_SEARCH_PATHS = (
					"$(inherited)",
					"@executable_path/Frameworks",
				);
				PRODUCT_BUNDLE_IDENTIFIER = "de.davidbattefeld.berlinskylarks.Berlin-Skylarks";
				PRODUCT_NAME = "$(TARGET_NAME)";
				SUPPORTS_MACCATALYST = YES;
				SUPPORTS_MAC_DESIGNED_FOR_IPHONE_IPAD = YES;
				SWIFT_VERSION = 5.0;
				TARGETED_DEVICE_FAMILY = "1,2,6";
			};
			name = Debug;
		};
		CABF7C01259351D500B95813 /* Release */ = {
			isa = XCBuildConfiguration;
			buildSettings = {
				ALWAYS_EMBED_SWIFT_STANDARD_LIBRARIES = YES;
				ASSETCATALOG_COMPILER_APPICON_NAME = AppIcon;
				ASSETCATALOG_COMPILER_GLOBAL_ACCENT_COLOR_NAME = AccentColor;
				CODE_SIGN_ENTITLEMENTS = "Berlin Skylarks/Berlin Skylarks.entitlements";
				CODE_SIGN_STYLE = Automatic;
				DEVELOPMENT_ASSET_PATHS = "\"Berlin Skylarks/Preview Content\"";
				DEVELOPMENT_TEAM = 5KD4MUBZ2T;
				ENABLE_PREVIEWS = YES;
				INFOPLIST_FILE = "Berlin Skylarks/Info.plist";
				IPHONEOS_DEPLOYMENT_TARGET = 15.0;
				LD_RUNPATH_SEARCH_PATHS = (
					"$(inherited)",
					"@executable_path/Frameworks",
				);
				PRODUCT_BUNDLE_IDENTIFIER = "de.davidbattefeld.berlinskylarks.Berlin-Skylarks";
				PRODUCT_NAME = "$(TARGET_NAME)";
				SUPPORTS_MACCATALYST = YES;
				SUPPORTS_MAC_DESIGNED_FOR_IPHONE_IPAD = YES;
				SWIFT_VERSION = 5.0;
				TARGETED_DEVICE_FAMILY = "1,2,6";
			};
			name = Release;
		};
		CAE134942771F2E100DFA745 /* Debug */ = {
			isa = XCBuildConfiguration;
			buildSettings = {
				ASSETCATALOG_COMPILER_GLOBAL_ACCENT_COLOR_NAME = AccentColor;
				ASSETCATALOG_COMPILER_WIDGET_BACKGROUND_COLOR_NAME = WidgetBackground;
				CLANG_CXX_LANGUAGE_STANDARD = "gnu++17";
				CODE_SIGN_ENTITLEMENTS = WidgetSkylarksExtension.entitlements;
				CODE_SIGN_STYLE = Automatic;
				CURRENT_PROJECT_VERSION = 1;
				DEVELOPMENT_TEAM = 5KD4MUBZ2T;
				GENERATE_INFOPLIST_FILE = YES;
				INFOPLIST_FILE = WidgetSkylarks/Info.plist;
				INFOPLIST_KEY_CFBundleDisplayName = Skylarks;
				INFOPLIST_KEY_NSHumanReadableCopyright = "";
				IPHONEOS_DEPLOYMENT_TARGET = 15.2;
				LD_RUNPATH_SEARCH_PATHS = (
					"$(inherited)",
					"@executable_path/Frameworks",
					"@executable_path/../../Frameworks",
				);
				MARKETING_VERSION = 1.0;
				PRODUCT_BUNDLE_IDENTIFIER = "de.davidbattefeld.berlinskylarks.Berlin-Skylarks.WidgetSkylarks";
				PRODUCT_NAME = "$(TARGET_NAME)";
				SKIP_INSTALL = YES;
				SUPPORTS_MACCATALYST = YES;
				SWIFT_EMIT_LOC_STRINGS = YES;
				SWIFT_VERSION = 5.0;
				TARGETED_DEVICE_FAMILY = "1,2";
			};
			name = Debug;
		};
		CAE134952771F2E100DFA745 /* Release */ = {
			isa = XCBuildConfiguration;
			buildSettings = {
				ASSETCATALOG_COMPILER_GLOBAL_ACCENT_COLOR_NAME = AccentColor;
				ASSETCATALOG_COMPILER_WIDGET_BACKGROUND_COLOR_NAME = WidgetBackground;
				CLANG_CXX_LANGUAGE_STANDARD = "gnu++17";
				CODE_SIGN_ENTITLEMENTS = WidgetSkylarksExtension.entitlements;
				CODE_SIGN_STYLE = Automatic;
				CURRENT_PROJECT_VERSION = 1;
				DEVELOPMENT_TEAM = 5KD4MUBZ2T;
				GENERATE_INFOPLIST_FILE = YES;
				INFOPLIST_FILE = WidgetSkylarks/Info.plist;
				INFOPLIST_KEY_CFBundleDisplayName = Skylarks;
				INFOPLIST_KEY_NSHumanReadableCopyright = "";
				IPHONEOS_DEPLOYMENT_TARGET = 15.2;
				LD_RUNPATH_SEARCH_PATHS = (
					"$(inherited)",
					"@executable_path/Frameworks",
					"@executable_path/../../Frameworks",
				);
				MARKETING_VERSION = 1.0;
				PRODUCT_BUNDLE_IDENTIFIER = "de.davidbattefeld.berlinskylarks.Berlin-Skylarks.WidgetSkylarks";
				PRODUCT_NAME = "$(TARGET_NAME)";
				SKIP_INSTALL = YES;
				SUPPORTS_MACCATALYST = YES;
				SWIFT_EMIT_LOC_STRINGS = YES;
				SWIFT_VERSION = 5.0;
				TARGETED_DEVICE_FAMILY = "1,2";
			};
			name = Release;
		};
/* End XCBuildConfiguration section */

/* Begin XCConfigurationList section */
		CA1C39E52731856C00BB194C /* Build configuration list for PBXNativeTarget "WatchSkylarks WatchKit Extension" */ = {
			isa = XCConfigurationList;
			buildConfigurations = (
				CA1C39DF2731856C00BB194C /* Debug */,
				CA1C39E02731856C00BB194C /* Release */,
			);
			defaultConfigurationIsVisible = 0;
			defaultConfigurationName = Release;
		};
		CA1C39E62731856C00BB194C /* Build configuration list for PBXNativeTarget "WatchSkylarks" */ = {
			isa = XCConfigurationList;
			buildConfigurations = (
				CA1C39DC2731856C00BB194C /* Debug */,
				CA1C39DD2731856C00BB194C /* Release */,
			);
			defaultConfigurationIsVisible = 0;
			defaultConfigurationName = Release;
		};
		CA1C39E72731856C00BB194C /* Build configuration list for PBXNativeTarget "WatchSkylarksTests" */ = {
			isa = XCConfigurationList;
			buildConfigurations = (
				CA1C39E12731856C00BB194C /* Debug */,
				CA1C39E22731856C00BB194C /* Release */,
			);
			defaultConfigurationIsVisible = 0;
			defaultConfigurationName = Release;
		};
		CA1C39E82731856C00BB194C /* Build configuration list for PBXNativeTarget "WatchSkylarksUITests" */ = {
			isa = XCConfigurationList;
			buildConfigurations = (
				CA1C39E32731856C00BB194C /* Debug */,
				CA1C39E42731856C00BB194C /* Release */,
			);
			defaultConfigurationIsVisible = 0;
			defaultConfigurationName = Release;
		};
		CA65FF6427F5EC4400F7845D /* Build configuration list for PBXNativeTarget "Skylarks Intents" */ = {
			isa = XCConfigurationList;
			buildConfigurations = (
				CA65FF6527F5EC4400F7845D /* Debug */,
				CA65FF6627F5EC4400F7845D /* Release */,
			);
			defaultConfigurationIsVisible = 0;
			defaultConfigurationName = Release;
		};
		CABF7BE6259351D400B95813 /* Build configuration list for PBXProject "Berlin Skylarks" */ = {
			isa = XCConfigurationList;
			buildConfigurations = (
				CABF7BFD259351D500B95813 /* Debug */,
				CABF7BFE259351D500B95813 /* Release */,
			);
			defaultConfigurationIsVisible = 0;
			defaultConfigurationName = Release;
		};
		CABF7BFF259351D500B95813 /* Build configuration list for PBXNativeTarget "Berlin Skylarks" */ = {
			isa = XCConfigurationList;
			buildConfigurations = (
				CABF7C00259351D500B95813 /* Debug */,
				CABF7C01259351D500B95813 /* Release */,
			);
			defaultConfigurationIsVisible = 0;
			defaultConfigurationName = Release;
		};
		CAE134962771F2E100DFA745 /* Build configuration list for PBXNativeTarget "WidgetSkylarksExtension" */ = {
			isa = XCConfigurationList;
			buildConfigurations = (
				CAE134942771F2E100DFA745 /* Debug */,
				CAE134952771F2E100DFA745 /* Release */,
			);
			defaultConfigurationIsVisible = 0;
			defaultConfigurationName = Release;
		};
/* End XCConfigurationList section */

/* Begin XCVersionGroup section */
		CABF7BF9259351D500B95813 /* Berlin_Skylarks.xcdatamodeld */ = {
			isa = XCVersionGroup;
			children = (
				CABF7BFA259351D500B95813 /* Berlin_Skylarks.xcdatamodel */,
			);
			currentVersion = CABF7BFA259351D500B95813 /* Berlin_Skylarks.xcdatamodel */;
			path = Berlin_Skylarks.xcdatamodeld;
			sourceTree = "<group>";
			versionGroupType = wrapper.xcdatamodel;
		};
/* End XCVersionGroup section */
	};
	rootObject = CABF7BE3259351D400B95813 /* Project object */;
}
