// !$*UTF8*$!
{
	archiveVersion = 1;
	classes = {
	};
	objectVersion = 54;
	objects = {

/* Begin PBXBuildFile section */
		CA0A95B525BF704C00A7C7C3 /* BSMGameScore.swift in Sources */ = {isa = PBXBuildFile; fileRef = CA0A95B425BF704C00A7C7C3 /* BSMGameScore.swift */; };
		CA0DA04225974EAD002A0FAB /* ScoresView.swift in Sources */ = {isa = PBXBuildFile; fileRef = CA0DA04125974EAD002A0FAB /* ScoresView.swift */; };
		CA0DA0452598BB32002A0FAB /* ScoresOverView.swift in Sources */ = {isa = PBXBuildFile; fileRef = CA0DA0442598BB32002A0FAB /* ScoresOverView.swift */; };
		CA0DA0482598BCB1002A0FAB /* ScoresDetailView.swift in Sources */ = {isa = PBXBuildFile; fileRef = CA0DA0472598BCB1002A0FAB /* ScoresDetailView.swift */; };
		CA0DA04B2598F449002A0FAB /* SettingsListView.swift in Sources */ = {isa = PBXBuildFile; fileRef = CA0DA04A2598F449002A0FAB /* SettingsListView.swift */; };
		CA0DA04E2598F570002A0FAB /* InfoView.swift in Sources */ = {isa = PBXBuildFile; fileRef = CA0DA04D2598F570002A0FAB /* InfoView.swift */; };
		CA0DA053259A46FA002A0FAB /* BSM_Games_2020_human_readable.json in Resources */ = {isa = PBXBuildFile; fileRef = CA0DA052259A46FA002A0FAB /* BSM_Games_2020_human_readable.json */; };
		CA0DA057259CAC8E002A0FAB /* StandingsView.swift in Sources */ = {isa = PBXBuildFile; fileRef = CA0DA056259CAC8E002A0FAB /* StandingsView.swift */; };
		CA56299526943C0D00274BE4 /* WebArticleView.swift in Sources */ = {isa = PBXBuildFile; fileRef = CA56299426943C0D00274BE4 /* WebArticleView.swift */; };
		CA78B71C259507BC00510621 /* ColorSets.swift in Sources */ = {isa = PBXBuildFile; fileRef = CA78B71B259507BC00510621 /* ColorSets.swift */; };
		CA78B725259648F300510621 /* PlayersView.swift in Sources */ = {isa = PBXBuildFile; fileRef = CA78B724259648F300510621 /* PlayersView.swift */; };
		CA78B7282596880200510621 /* NewsDetailView.swift in Sources */ = {isa = PBXBuildFile; fileRef = CA78B7272596880200510621 /* NewsDetailView.swift */; };
		CA78B72B259688C100510621 /* PlayerDetailView.swift in Sources */ = {isa = PBXBuildFile; fileRef = CA78B72A259688C100510621 /* PlayerDetailView.swift */; };
		CA78B72E2596892E00510621 /* TeamListView.swift in Sources */ = {isa = PBXBuildFile; fileRef = CA78B72D2596892E00510621 /* TeamListView.swift */; };
		CABF7BEF259351D400B95813 /* Berlin_SkylarksApp.swift in Sources */ = {isa = PBXBuildFile; fileRef = CABF7BEE259351D400B95813 /* Berlin_SkylarksApp.swift */; };
		CABF7BF1259351D400B95813 /* ContentView.swift in Sources */ = {isa = PBXBuildFile; fileRef = CABF7BF0259351D400B95813 /* ContentView.swift */; };
		CABF7BF3259351D500B95813 /* Assets.xcassets in Resources */ = {isa = PBXBuildFile; fileRef = CABF7BF2259351D500B95813 /* Assets.xcassets */; };
		CABF7BF6259351D500B95813 /* Preview Assets.xcassets in Resources */ = {isa = PBXBuildFile; fileRef = CABF7BF5259351D500B95813 /* Preview Assets.xcassets */; };
		CABF7BF8259351D500B95813 /* Persistence.swift in Sources */ = {isa = PBXBuildFile; fileRef = CABF7BF7259351D500B95813 /* Persistence.swift */; };
		CABF7BFB259351D500B95813 /* Berlin_Skylarks.xcdatamodeld in Sources */ = {isa = PBXBuildFile; fileRef = CABF7BF9259351D500B95813 /* Berlin_Skylarks.xcdatamodeld */; };
		CABF7C04259355A200B95813 /* README.md in Resources */ = {isa = PBXBuildFile; fileRef = CABF7C03259355A200B95813 /* README.md */; };
		CABF7C0B2593627900B95813 /* NewsView.swift in Sources */ = {isa = PBXBuildFile; fileRef = CABF7C0A2593627900B95813 /* NewsView.swift */; };
		CAFDC1FD25BF7F09000A5922 /* ModelData.swift in Sources */ = {isa = PBXBuildFile; fileRef = CAFDC1FC25BF7F09000A5922 /* ModelData.swift */; };
/* End PBXBuildFile section */

/* Begin PBXFileReference section */
		CA0A95B425BF704C00A7C7C3 /* BSMGameScore.swift */ = {isa = PBXFileReference; lastKnownFileType = sourcecode.swift; path = BSMGameScore.swift; sourceTree = "<group>"; };
		CA0DA04125974EAD002A0FAB /* ScoresView.swift */ = {isa = PBXFileReference; lastKnownFileType = sourcecode.swift; path = ScoresView.swift; sourceTree = "<group>"; };
		CA0DA0442598BB32002A0FAB /* ScoresOverView.swift */ = {isa = PBXFileReference; lastKnownFileType = sourcecode.swift; path = ScoresOverView.swift; sourceTree = "<group>"; };
		CA0DA0472598BCB1002A0FAB /* ScoresDetailView.swift */ = {isa = PBXFileReference; lastKnownFileType = sourcecode.swift; path = ScoresDetailView.swift; sourceTree = "<group>"; };
		CA0DA04A2598F449002A0FAB /* SettingsListView.swift */ = {isa = PBXFileReference; lastKnownFileType = sourcecode.swift; path = SettingsListView.swift; sourceTree = "<group>"; };
		CA0DA04D2598F570002A0FAB /* InfoView.swift */ = {isa = PBXFileReference; lastKnownFileType = sourcecode.swift; path = InfoView.swift; sourceTree = "<group>"; };
		CA0DA052259A46FA002A0FAB /* BSM_Games_2020_human_readable.json */ = {isa = PBXFileReference; explicitFileType = text.json; fileEncoding = 4; path = BSM_Games_2020_human_readable.json; sourceTree = "<group>"; };
		CA0DA056259CAC8E002A0FAB /* StandingsView.swift */ = {isa = PBXFileReference; lastKnownFileType = sourcecode.swift; path = StandingsView.swift; sourceTree = "<group>"; };
		CA56299426943C0D00274BE4 /* WebArticleView.swift */ = {isa = PBXFileReference; lastKnownFileType = sourcecode.swift; path = WebArticleView.swift; sourceTree = "<group>"; };
		CA78B71B259507BC00510621 /* ColorSets.swift */ = {isa = PBXFileReference; lastKnownFileType = sourcecode.swift; path = ColorSets.swift; sourceTree = "<group>"; };
		CA78B724259648F300510621 /* PlayersView.swift */ = {isa = PBXFileReference; lastKnownFileType = sourcecode.swift; path = PlayersView.swift; sourceTree = "<group>"; };
		CA78B7272596880200510621 /* NewsDetailView.swift */ = {isa = PBXFileReference; lastKnownFileType = sourcecode.swift; path = NewsDetailView.swift; sourceTree = "<group>"; };
		CA78B72A259688C100510621 /* PlayerDetailView.swift */ = {isa = PBXFileReference; lastKnownFileType = sourcecode.swift; path = PlayerDetailView.swift; sourceTree = "<group>"; };
		CA78B72D2596892E00510621 /* TeamListView.swift */ = {isa = PBXFileReference; lastKnownFileType = sourcecode.swift; path = TeamListView.swift; sourceTree = "<group>"; };
		CABF7BEB259351D400B95813 /* Berlin Skylarks.app */ = {isa = PBXFileReference; explicitFileType = wrapper.application; includeInIndex = 0; path = "Berlin Skylarks.app"; sourceTree = BUILT_PRODUCTS_DIR; };
		CABF7BEE259351D400B95813 /* Berlin_SkylarksApp.swift */ = {isa = PBXFileReference; lastKnownFileType = sourcecode.swift; path = Berlin_SkylarksApp.swift; sourceTree = "<group>"; };
		CABF7BF0259351D400B95813 /* ContentView.swift */ = {isa = PBXFileReference; lastKnownFileType = sourcecode.swift; path = ContentView.swift; sourceTree = "<group>"; };
		CABF7BF2259351D500B95813 /* Assets.xcassets */ = {isa = PBXFileReference; lastKnownFileType = folder.assetcatalog; path = Assets.xcassets; sourceTree = "<group>"; };
		CABF7BF5259351D500B95813 /* Preview Assets.xcassets */ = {isa = PBXFileReference; lastKnownFileType = folder.assetcatalog; path = "Preview Assets.xcassets"; sourceTree = "<group>"; };
		CABF7BF7259351D500B95813 /* Persistence.swift */ = {isa = PBXFileReference; lastKnownFileType = sourcecode.swift; path = Persistence.swift; sourceTree = "<group>"; };
		CABF7BFA259351D500B95813 /* Berlin_Skylarks.xcdatamodel */ = {isa = PBXFileReference; lastKnownFileType = wrapper.xcdatamodel; path = Berlin_Skylarks.xcdatamodel; sourceTree = "<group>"; };
		CABF7BFC259351D500B95813 /* Info.plist */ = {isa = PBXFileReference; lastKnownFileType = text.plist.xml; path = Info.plist; sourceTree = "<group>"; };
		CABF7C03259355A200B95813 /* README.md */ = {isa = PBXFileReference; fileEncoding = 4; lastKnownFileType = net.daringfireball.markdown; path = README.md; sourceTree = "<group>"; };
		CABF7C0A2593627900B95813 /* NewsView.swift */ = {isa = PBXFileReference; lastKnownFileType = sourcecode.swift; path = NewsView.swift; sourceTree = "<group>"; };
		CAFDC1FC25BF7F09000A5922 /* ModelData.swift */ = {isa = PBXFileReference; lastKnownFileType = sourcecode.swift; path = ModelData.swift; sourceTree = "<group>"; };
/* End PBXFileReference section */

/* Begin PBXFrameworksBuildPhase section */
		CABF7BE8259351D400B95813 /* Frameworks */ = {
			isa = PBXFrameworksBuildPhase;
			buildActionMask = 2147483647;
			files = (
			);
			runOnlyForDeploymentPostprocessing = 0;
		};
/* End PBXFrameworksBuildPhase section */

/* Begin PBXGroup section */
		CA0DA051259A46CC002A0FAB /* JSON data */ = {
			isa = PBXGroup;
			children = (
				CA0DA052259A46FA002A0FAB /* BSM_Games_2020_human_readable.json */,
			);
			path = "JSON data";
			sourceTree = "<group>";
		};
		CABF7BE2259351D400B95813 = {
			isa = PBXGroup;
			children = (
				CABF7C03259355A200B95813 /* README.md */,
				CABF7BED259351D400B95813 /* Berlin Skylarks */,
				CABF7BEC259351D400B95813 /* Products */,
			);
			sourceTree = "<group>";
		};
		CABF7BEC259351D400B95813 /* Products */ = {
			isa = PBXGroup;
			children = (
				CABF7BEB259351D400B95813 /* Berlin Skylarks.app */,
			);
			name = Products;
			sourceTree = "<group>";
		};
		CABF7BED259351D400B95813 /* Berlin Skylarks */ = {
			isa = PBXGroup;
			children = (
				CA0DA051259A46CC002A0FAB /* JSON data */,
				CABF7BEE259351D400B95813 /* Berlin_SkylarksApp.swift */,
				CA78B71B259507BC00510621 /* ColorSets.swift */,
				CAFDC20225C0BC77000A5922 /* Views */,
				CAFDC20025C0BC63000A5922 /* Models */,
				CABF7BF2259351D500B95813 /* Assets.xcassets */,
				CABF7BF7259351D500B95813 /* Persistence.swift */,
				CABF7BFC259351D500B95813 /* Info.plist */,
				CABF7BF9259351D500B95813 /* Berlin_Skylarks.xcdatamodeld */,
				CABF7BF4259351D500B95813 /* Preview Content */,
			);
			path = "Berlin Skylarks";
			sourceTree = "<group>";
		};
		CABF7BF4259351D500B95813 /* Preview Content */ = {
			isa = PBXGroup;
			children = (
				CABF7BF5259351D500B95813 /* Preview Assets.xcassets */,
			);
			path = "Preview Content";
			sourceTree = "<group>";
		};
		CAFDC20025C0BC63000A5922 /* Models */ = {
			isa = PBXGroup;
			children = (
				CA0A95B425BF704C00A7C7C3 /* BSMGameScore.swift */,
				CAFDC1FC25BF7F09000A5922 /* ModelData.swift */,
			);
			path = Models;
			sourceTree = "<group>";
		};
		CAFDC20225C0BC77000A5922 /* Views */ = {
			isa = PBXGroup;
			children = (
				CABF7BF0259351D400B95813 /* ContentView.swift */,
				CA0DA056259CAC8E002A0FAB /* StandingsView.swift */,
				CA78B724259648F300510621 /* PlayersView.swift */,
				CA78B72D2596892E00510621 /* TeamListView.swift */,
				CA78B72A259688C100510621 /* PlayerDetailView.swift */,
				CA0DA04125974EAD002A0FAB /* ScoresView.swift */,
				CA0DA0442598BB32002A0FAB /* ScoresOverView.swift */,
				CA0DA0472598BCB1002A0FAB /* ScoresDetailView.swift */,
				CABF7C0A2593627900B95813 /* NewsView.swift */,
				CA0DA04A2598F449002A0FAB /* SettingsListView.swift */,
				CA0DA04D2598F570002A0FAB /* InfoView.swift */,
				CA78B7272596880200510621 /* NewsDetailView.swift */,
				CA56299426943C0D00274BE4 /* WebArticleView.swift */,
			);
			path = Views;
			sourceTree = "<group>";
		};
/* End PBXGroup section */

/* Begin PBXNativeTarget section */
		CABF7BEA259351D400B95813 /* Berlin Skylarks */ = {
			isa = PBXNativeTarget;
			buildConfigurationList = CABF7BFF259351D500B95813 /* Build configuration list for PBXNativeTarget "Berlin Skylarks" */;
			buildPhases = (
				CABF7BE7259351D400B95813 /* Sources */,
				CABF7BE8259351D400B95813 /* Frameworks */,
				CABF7BE9259351D400B95813 /* Resources */,
			);
			buildRules = (
			);
			dependencies = (
			);
			name = "Berlin Skylarks";
			productName = "Berlin Skylarks";
			productReference = CABF7BEB259351D400B95813 /* Berlin Skylarks.app */;
			productType = "com.apple.product-type.application";
		};
/* End PBXNativeTarget section */

/* Begin PBXProject section */
		CABF7BE3259351D400B95813 /* Project object */ = {
			isa = PBXProject;
			attributes = {
				LastSwiftUpdateCheck = 1230;
				LastUpgradeCheck = 1230;
				TargetAttributes = {
					CABF7BEA259351D400B95813 = {
						CreatedOnToolsVersion = 12.3;
					};
				};
			};
			buildConfigurationList = CABF7BE6259351D400B95813 /* Build configuration list for PBXProject "Berlin Skylarks" */;
			compatibilityVersion = "Xcode 12.0";
			developmentRegion = en;
			hasScannedForEncodings = 0;
			knownRegions = (
				en,
				Base,
			);
			mainGroup = CABF7BE2259351D400B95813;
			productRefGroup = CABF7BEC259351D400B95813 /* Products */;
			projectDirPath = "";
			projectRoot = "";
			targets = (
				CABF7BEA259351D400B95813 /* Berlin Skylarks */,
			);
		};
/* End PBXProject section */

/* Begin PBXResourcesBuildPhase section */
		CABF7BE9259351D400B95813 /* Resources */ = {
			isa = PBXResourcesBuildPhase;
			buildActionMask = 2147483647;
			files = (
				CABF7C04259355A200B95813 /* README.md in Resources */,
				CABF7BF6259351D500B95813 /* Preview Assets.xcassets in Resources */,
				CA0DA053259A46FA002A0FAB /* BSM_Games_2020_human_readable.json in Resources */,
				CABF7BF3259351D500B95813 /* Assets.xcassets in Resources */,
			);
			runOnlyForDeploymentPostprocessing = 0;
		};
/* End PBXResourcesBuildPhase section */

/* Begin PBXSourcesBuildPhase section */
		CABF7BE7259351D400B95813 /* Sources */ = {
			isa = PBXSourcesBuildPhase;
			buildActionMask = 2147483647;
			files = (
				CABF7BF8259351D500B95813 /* Persistence.swift in Sources */,
				CABF7BF1259351D400B95813 /* ContentView.swift in Sources */,
				CA78B7282596880200510621 /* NewsDetailView.swift in Sources */,
				CA0DA04225974EAD002A0FAB /* ScoresView.swift in Sources */,
				CA0DA057259CAC8E002A0FAB /* StandingsView.swift in Sources */,
				CA0A95B525BF704C00A7C7C3 /* BSMGameScore.swift in Sources */,
				CABF7BEF259351D400B95813 /* Berlin_SkylarksApp.swift in Sources */,
				CA0DA0482598BCB1002A0FAB /* ScoresDetailView.swift in Sources */,
				CABF7C0B2593627900B95813 /* NewsView.swift in Sources */,
				CA78B71C259507BC00510621 /* ColorSets.swift in Sources */,
				CA78B725259648F300510621 /* PlayersView.swift in Sources */,
				CA56299526943C0D00274BE4 /* WebArticleView.swift in Sources */,
				CA78B72E2596892E00510621 /* TeamListView.swift in Sources */,
				CA0DA0452598BB32002A0FAB /* ScoresOverView.swift in Sources */,
				CA78B72B259688C100510621 /* PlayerDetailView.swift in Sources */,
				CAFDC1FD25BF7F09000A5922 /* ModelData.swift in Sources */,
				CABF7BFB259351D500B95813 /* Berlin_Skylarks.xcdatamodeld in Sources */,
				CA0DA04E2598F570002A0FAB /* InfoView.swift in Sources */,
				CA0DA04B2598F449002A0FAB /* SettingsListView.swift in Sources */,
			);
			runOnlyForDeploymentPostprocessing = 0;
		};
/* End PBXSourcesBuildPhase section */

/* Begin XCBuildConfiguration section */
		CABF7BFD259351D500B95813 /* Debug */ = {
			isa = XCBuildConfiguration;
			buildSettings = {
				ALWAYS_SEARCH_USER_PATHS = NO;
				CLANG_ANALYZER_NONNULL = YES;
				CLANG_ANALYZER_NUMBER_OBJECT_CONVERSION = YES_AGGRESSIVE;
				CLANG_CXX_LANGUAGE_STANDARD = "gnu++14";
				CLANG_CXX_LIBRARY = "libc++";
				CLANG_ENABLE_MODULES = YES;
				CLANG_ENABLE_OBJC_ARC = YES;
				CLANG_ENABLE_OBJC_WEAK = YES;
				CLANG_WARN_BLOCK_CAPTURE_AUTORELEASING = YES;
				CLANG_WARN_BOOL_CONVERSION = YES;
				CLANG_WARN_COMMA = YES;
				CLANG_WARN_CONSTANT_CONVERSION = YES;
				CLANG_WARN_DEPRECATED_OBJC_IMPLEMENTATIONS = YES;
				CLANG_WARN_DIRECT_OBJC_ISA_USAGE = YES_ERROR;
				CLANG_WARN_DOCUMENTATION_COMMENTS = YES;
				CLANG_WARN_EMPTY_BODY = YES;
				CLANG_WARN_ENUM_CONVERSION = YES;
				CLANG_WARN_INFINITE_RECURSION = YES;
				CLANG_WARN_INT_CONVERSION = YES;
				CLANG_WARN_NON_LITERAL_NULL_CONVERSION = YES;
				CLANG_WARN_OBJC_IMPLICIT_RETAIN_SELF = YES;
				CLANG_WARN_OBJC_LITERAL_CONVERSION = YES;
				CLANG_WARN_OBJC_ROOT_CLASS = YES_ERROR;
				CLANG_WARN_QUOTED_INCLUDE_IN_FRAMEWORK_HEADER = YES;
				CLANG_WARN_RANGE_LOOP_ANALYSIS = YES;
				CLANG_WARN_STRICT_PROTOTYPES = YES;
				CLANG_WARN_SUSPICIOUS_MOVE = YES;
				CLANG_WARN_UNGUARDED_AVAILABILITY = YES_AGGRESSIVE;
				CLANG_WARN_UNREACHABLE_CODE = YES;
				CLANG_WARN__DUPLICATE_METHOD_MATCH = YES;
				COPY_PHASE_STRIP = NO;
				DEBUG_INFORMATION_FORMAT = dwarf;
				ENABLE_STRICT_OBJC_MSGSEND = YES;
				ENABLE_TESTABILITY = YES;
				GCC_C_LANGUAGE_STANDARD = gnu11;
				GCC_DYNAMIC_NO_PIC = NO;
				GCC_NO_COMMON_BLOCKS = YES;
				GCC_OPTIMIZATION_LEVEL = 0;
				GCC_PREPROCESSOR_DEFINITIONS = (
					"DEBUG=1",
					"$(inherited)",
				);
				GCC_WARN_64_TO_32_BIT_CONVERSION = YES;
				GCC_WARN_ABOUT_RETURN_TYPE = YES_ERROR;
				GCC_WARN_UNDECLARED_SELECTOR = YES;
				GCC_WARN_UNINITIALIZED_AUTOS = YES_AGGRESSIVE;
				GCC_WARN_UNUSED_FUNCTION = YES;
				GCC_WARN_UNUSED_VARIABLE = YES;
				IPHONEOS_DEPLOYMENT_TARGET = 14.3;
				MTL_ENABLE_DEBUG_INFO = INCLUDE_SOURCE;
				MTL_FAST_MATH = YES;
				ONLY_ACTIVE_ARCH = YES;
				SDKROOT = iphoneos;
				SWIFT_ACTIVE_COMPILATION_CONDITIONS = DEBUG;
				SWIFT_OPTIMIZATION_LEVEL = "-Onone";
			};
			name = Debug;
		};
		CABF7BFE259351D500B95813 /* Release */ = {
			isa = XCBuildConfiguration;
			buildSettings = {
				ALWAYS_SEARCH_USER_PATHS = NO;
				CLANG_ANALYZER_NONNULL = YES;
				CLANG_ANALYZER_NUMBER_OBJECT_CONVERSION = YES_AGGRESSIVE;
				CLANG_CXX_LANGUAGE_STANDARD = "gnu++14";
				CLANG_CXX_LIBRARY = "libc++";
				CLANG_ENABLE_MODULES = YES;
				CLANG_ENABLE_OBJC_ARC = YES;
				CLANG_ENABLE_OBJC_WEAK = YES;
				CLANG_WARN_BLOCK_CAPTURE_AUTORELEASING = YES;
				CLANG_WARN_BOOL_CONVERSION = YES;
				CLANG_WARN_COMMA = YES;
				CLANG_WARN_CONSTANT_CONVERSION = YES;
				CLANG_WARN_DEPRECATED_OBJC_IMPLEMENTATIONS = YES;
				CLANG_WARN_DIRECT_OBJC_ISA_USAGE = YES_ERROR;
				CLANG_WARN_DOCUMENTATION_COMMENTS = YES;
				CLANG_WARN_EMPTY_BODY = YES;
				CLANG_WARN_ENUM_CONVERSION = YES;
				CLANG_WARN_INFINITE_RECURSION = YES;
				CLANG_WARN_INT_CONVERSION = YES;
				CLANG_WARN_NON_LITERAL_NULL_CONVERSION = YES;
				CLANG_WARN_OBJC_IMPLICIT_RETAIN_SELF = YES;
				CLANG_WARN_OBJC_LITERAL_CONVERSION = YES;
				CLANG_WARN_OBJC_ROOT_CLASS = YES_ERROR;
				CLANG_WARN_QUOTED_INCLUDE_IN_FRAMEWORK_HEADER = YES;
				CLANG_WARN_RANGE_LOOP_ANALYSIS = YES;
				CLANG_WARN_STRICT_PROTOTYPES = YES;
				CLANG_WARN_SUSPICIOUS_MOVE = YES;
				CLANG_WARN_UNGUARDED_AVAILABILITY = YES_AGGRESSIVE;
				CLANG_WARN_UNREACHABLE_CODE = YES;
				CLANG_WARN__DUPLICATE_METHOD_MATCH = YES;
				COPY_PHASE_STRIP = NO;
				DEBUG_INFORMATION_FORMAT = "dwarf-with-dsym";
				ENABLE_NS_ASSERTIONS = NO;
				ENABLE_STRICT_OBJC_MSGSEND = YES;
				GCC_C_LANGUAGE_STANDARD = gnu11;
				GCC_NO_COMMON_BLOCKS = YES;
				GCC_WARN_64_TO_32_BIT_CONVERSION = YES;
				GCC_WARN_ABOUT_RETURN_TYPE = YES_ERROR;
				GCC_WARN_UNDECLARED_SELECTOR = YES;
				GCC_WARN_UNINITIALIZED_AUTOS = YES_AGGRESSIVE;
				GCC_WARN_UNUSED_FUNCTION = YES;
				GCC_WARN_UNUSED_VARIABLE = YES;
				IPHONEOS_DEPLOYMENT_TARGET = 14.3;
				MTL_ENABLE_DEBUG_INFO = NO;
				MTL_FAST_MATH = YES;
				SDKROOT = iphoneos;
				SWIFT_COMPILATION_MODE = wholemodule;
				SWIFT_OPTIMIZATION_LEVEL = "-O";
				VALIDATE_PRODUCT = YES;
			};
			name = Release;
		};
		CABF7C00259351D500B95813 /* Debug */ = {
			isa = XCBuildConfiguration;
			buildSettings = {
				ASSETCATALOG_COMPILER_APPICON_NAME = AppIcon;
				ASSETCATALOG_COMPILER_GLOBAL_ACCENT_COLOR_NAME = AccentColor;
				CODE_SIGN_STYLE = Automatic;
				DEVELOPMENT_ASSET_PATHS = "\"Berlin Skylarks/Preview Content\"";
				DEVELOPMENT_TEAM = 5KD4MUBZ2T;
				ENABLE_PREVIEWS = YES;
				INFOPLIST_FILE = "Berlin Skylarks/Info.plist";
				IPHONEOS_DEPLOYMENT_TARGET = 14.0;
				LD_RUNPATH_SEARCH_PATHS = (
					"$(inherited)",
					"@executable_path/Frameworks",
				);
				PRODUCT_BUNDLE_IDENTIFIER = "de.davidbattefeld.berlinskylarks.Berlin-Skylarks";
				PRODUCT_NAME = "$(TARGET_NAME)";
				SWIFT_VERSION = 5.0;
				TARGETED_DEVICE_FAMILY = 1;
			};
			name = Debug;
		};
		CABF7C01259351D500B95813 /* Release */ = {
			isa = XCBuildConfiguration;
			buildSettings = {
				ASSETCATALOG_COMPILER_APPICON_NAME = AppIcon;
				ASSETCATALOG_COMPILER_GLOBAL_ACCENT_COLOR_NAME = AccentColor;
				CODE_SIGN_STYLE = Automatic;
				DEVELOPMENT_ASSET_PATHS = "\"Berlin Skylarks/Preview Content\"";
				DEVELOPMENT_TEAM = 5KD4MUBZ2T;
				ENABLE_PREVIEWS = YES;
				INFOPLIST_FILE = "Berlin Skylarks/Info.plist";
				IPHONEOS_DEPLOYMENT_TARGET = 14.0;
				LD_RUNPATH_SEARCH_PATHS = (
					"$(inherited)",
					"@executable_path/Frameworks",
				);
				PRODUCT_BUNDLE_IDENTIFIER = "de.davidbattefeld.berlinskylarks.Berlin-Skylarks";
				PRODUCT_NAME = "$(TARGET_NAME)";
				SWIFT_VERSION = 5.0;
				TARGETED_DEVICE_FAMILY = 1;
			};
			name = Release;
		};
/* End XCBuildConfiguration section */

/* Begin XCConfigurationList section */
		CABF7BE6259351D400B95813 /* Build configuration list for PBXProject "Berlin Skylarks" */ = {
			isa = XCConfigurationList;
			buildConfigurations = (
				CABF7BFD259351D500B95813 /* Debug */,
				CABF7BFE259351D500B95813 /* Release */,
			);
			defaultConfigurationIsVisible = 0;
			defaultConfigurationName = Release;
		};
		CABF7BFF259351D500B95813 /* Build configuration list for PBXNativeTarget "Berlin Skylarks" */ = {
			isa = XCConfigurationList;
			buildConfigurations = (
				CABF7C00259351D500B95813 /* Debug */,
				CABF7C01259351D500B95813 /* Release */,
			);
			defaultConfigurationIsVisible = 0;
			defaultConfigurationName = Release;
		};
/* End XCConfigurationList section */

/* Begin XCVersionGroup section */
		CABF7BF9259351D500B95813 /* Berlin_Skylarks.xcdatamodeld */ = {
			isa = XCVersionGroup;
			children = (
				CABF7BFA259351D500B95813 /* Berlin_Skylarks.xcdatamodel */,
			);
			currentVersion = CABF7BFA259351D500B95813 /* Berlin_Skylarks.xcdatamodel */;
			path = Berlin_Skylarks.xcdatamodeld;
			sourceTree = "<group>";
			versionGroupType = wrapper.xcdatamodel;
		};
/* End XCVersionGroup section */
	};
	rootObject = CABF7BE3259351D400B95813 /* Project object */;
}
